{
  "version": 4,
  "terraform_version": "1.5.5",
  "serial": 7,
  "lineage": "9338b134-b2dc-c1ce-9362-735905fb9c6c",
  "outputs": {
    "subnets": {
      "value": {
        "private-subnet1": {
          "availability_zone": "",
          "cidr": "10.0.0.0/18",
          "description": "",
          "dhcp_enable": true,
          "dns_list": [
            "100.125.4.25",
            "100.125.129.199"
          ],
          "gateway_ip": "10.0.0.1",
          "id": "7555f4c7-effe-40f5-b0dc-6f2a04f8cca5",
          "name": "private-subnet1",
          "network_id": "7555f4c7-effe-40f5-b0dc-6f2a04f8cca5",
          "ntp_addresses": null,
          "primary_dns": "100.125.4.25",
          "region": "eu-de",
          "secondary_dns": "100.125.129.199",
          "status": "ACTIVE",
          "subnet_id": "28baa717-e7e2-4b74-99e1-00116c23be59",
          "tags": {},
          "timeouts": null,
          "vpc_id": "abbd9aa8-e595-444e-8611-7952f2c09a9e"
        },
        "private-subnet2": {
          "availability_zone": "",
          "cidr": "10.0.64.0/19",
          "description": "",
          "dhcp_enable": true,
          "dns_list": [
            "100.125.4.25",
            "100.125.129.199"
          ],
          "gateway_ip": "10.0.64.1",
          "id": "9c4bcf73-c769-43e1-ac07-3bc78eeb0f8d",
          "name": "private-subnet2",
          "network_id": "9c4bcf73-c769-43e1-ac07-3bc78eeb0f8d",
          "ntp_addresses": null,
          "primary_dns": "100.125.4.25",
          "region": "eu-de",
          "secondary_dns": "100.125.129.199",
          "status": "ACTIVE",
          "subnet_id": "b203becc-fbc0-4741-abd8-b76ecd6068cb",
          "tags": {},
          "timeouts": null,
          "vpc_id": "abbd9aa8-e595-444e-8611-7952f2c09a9e"
        },
        "public-subnet": {
          "availability_zone": "",
          "cidr": "10.0.96.0/19",
          "description": "",
          "dhcp_enable": true,
          "dns_list": [
            "100.125.4.25",
            "100.125.129.199"
          ],
          "gateway_ip": "10.0.96.1",
          "id": "e7ca1df1-efa9-4d60-af65-e537a83cc6d6",
          "name": "public-subnet",
          "network_id": "e7ca1df1-efa9-4d60-af65-e537a83cc6d6",
          "ntp_addresses": null,
          "primary_dns": "100.125.4.25",
          "region": "eu-de",
          "secondary_dns": "100.125.129.199",
          "status": "ACTIVE",
          "subnet_id": "7f4da9da-4f14-4db9-abf1-917653ca52c2",
          "tags": {},
          "timeouts": null,
          "vpc_id": "abbd9aa8-e595-444e-8611-7952f2c09a9e"
        }
      },
      "type": [
        "object",
        {
          "private-subnet1": [
            "object",
            {
              "availability_zone": "string",
              "cidr": "string",
              "description": "string",
              "dhcp_enable": "bool",
              "dns_list": [
                "list",
                "string"
              ],
              "gateway_ip": "string",
              "id": "string",
              "name": "string",
              "network_id": "string",
              "ntp_addresses": "string",
              "primary_dns": "string",
              "region": "string",
              "secondary_dns": "string",
              "status": "string",
              "subnet_id": "string",
              "tags": [
                "map",
                "string"
              ],
              "timeouts": [
                "object",
                {
                  "create": "string",
                  "delete": "string"
                }
              ],
              "vpc_id": "string"
            }
          ],
          "private-subnet2": [
            "object",
            {
              "availability_zone": "string",
              "cidr": "string",
              "description": "string",
              "dhcp_enable": "bool",
              "dns_list": [
                "list",
                "string"
              ],
              "gateway_ip": "string",
              "id": "string",
              "name": "string",
              "network_id": "string",
              "ntp_addresses": "string",
              "primary_dns": "string",
              "region": "string",
              "secondary_dns": "string",
              "status": "string",
              "subnet_id": "string",
              "tags": [
                "map",
                "string"
              ],
              "timeouts": [
                "object",
                {
                  "create": "string",
                  "delete": "string"
                }
              ],
              "vpc_id": "string"
            }
          ],
          "public-subnet": [
            "object",
            {
              "availability_zone": "string",
              "cidr": "string",
              "description": "string",
              "dhcp_enable": "bool",
              "dns_list": [
                "list",
                "string"
              ],
              "gateway_ip": "string",
              "id": "string",
              "name": "string",
              "network_id": "string",
              "ntp_addresses": "string",
              "primary_dns": "string",
              "region": "string",
              "secondary_dns": "string",
              "status": "string",
              "subnet_id": "string",
              "tags": [
                "map",
                "string"
              ],
              "timeouts": [
                "object",
                {
                  "create": "string",
                  "delete": "string"
                }
              ],
              "vpc_id": "string"
            }
          ]
        }
      ]
    },
    "vpc": {
      "value": {
        "cidr": "10.0.0.0/16",
        "description": "",
        "id": "abbd9aa8-e595-444e-8611-7952f2c09a9e",
        "name": "dynarace-vpc",
        "region": "eu-de",
        "shared": true,
        "status": "OK",
        "tags": {},
        "timeouts": null
      },
      "type": [
        "object",
        {
          "cidr": "string",
          "description": "string",
          "id": "string",
          "name": "string",
          "region": "string",
          "shared": "bool",
          "status": "string",
          "tags": [
            "map",
            "string"
          ],
          "timeouts": [
            "object",
            {
              "create": "string",
              "delete": "string"
            }
          ]
        }
      ]
    }
  },
  "resources": [
    {
      "mode": "data",
      "type": "opentelekomcloud_identity_project_v3",
      "name": "current",
      "provider": "provider[\"registry.terraform.io/opentelekomcloud/opentelekomcloud\"]",
      "instances": [
        {
          "schema_version": 0,
          "attributes": {
            "description": "",
            "domain_id": "f2d39257d09043e395a2fc020e193f65",
            "enabled": true,
            "id": "9291d2882e5b4abf98a0a004b22c2437",
            "is_domain": false,
            "name": "eu-de",
            "parent_id": "f2d39257d09043e395a2fc020e193f65",
            "region": "eu-de"
          },
          "sensitive_attributes": []
        }
      ]
    },
    {
      "mode": "managed",
      "type": "opentelekomcloud_vpc_subnet_v1",
      "name": "subnets",
      "provider": "provider[\"registry.terraform.io/opentelekomcloud/opentelekomcloud\"]",
      "instances": [
        {
          "index_key": "private-subnet1",
          "schema_version": 0,
          "attributes": {
            "availability_zone": "",
            "cidr": "10.0.0.0/18",
            "description": "",
            "dhcp_enable": true,
            "dns_list": [
              "100.125.4.25",
              "100.125.129.199"
            ],
            "gateway_ip": "10.0.0.1",
            "id": "7555f4c7-effe-40f5-b0dc-6f2a04f8cca5",
            "name": "private-subnet1",
            "network_id": "7555f4c7-effe-40f5-b0dc-6f2a04f8cca5",
            "ntp_addresses": null,
            "primary_dns": "100.125.4.25",
            "region": "eu-de",
            "secondary_dns": "100.125.129.199",
            "status": "ACTIVE",
            "subnet_id": "28baa717-e7e2-4b74-99e1-00116c23be59",
            "tags": {},
            "timeouts": null,
            "vpc_id": "abbd9aa8-e595-444e-8611-7952f2c09a9e"
          },
          "sensitive_attributes": [],
          "private": "eyJlMmJmYjczMC1lY2FhLTExZTYtOGY4OC0zNDM2M2JjN2M0YzAiOnsiY3JlYXRlIjo2MDAwMDAwMDAwMDAsImRlbGV0ZSI6NjAwMDAwMDAwMDAwfX0=",
          "dependencies": [
            "data.opentelekomcloud_identity_project_v3.current",
            "opentelekomcloud_vpc_v1.vpc"
          ]
        },
        {
          "index_key": "private-subnet2",
          "schema_version": 0,
          "attributes": {
            "availability_zone": "",
            "cidr": "10.0.64.0/19",
            "description": "",
            "dhcp_enable": true,
            "dns_list": [
              "100.125.4.25",
              "100.125.129.199"
            ],
            "gateway_ip": "10.0.64.1",
            "id": "9c4bcf73-c769-43e1-ac07-3bc78eeb0f8d",
            "name": "private-subnet2",
            "network_id": "9c4bcf73-c769-43e1-ac07-3bc78eeb0f8d",
            "ntp_addresses": null,
            "primary_dns": "100.125.4.25",
            "region": "eu-de",
            "secondary_dns": "100.125.129.199",
            "status": "ACTIVE",
            "subnet_id": "b203becc-fbc0-4741-abd8-b76ecd6068cb",
            "tags": {},
            "timeouts": null,
            "vpc_id": "abbd9aa8-e595-444e-8611-7952f2c09a9e"
          },
          "sensitive_attributes": [],
          "private": "eyJlMmJmYjczMC1lY2FhLTExZTYtOGY4OC0zNDM2M2JjN2M0YzAiOnsiY3JlYXRlIjo2MDAwMDAwMDAwMDAsImRlbGV0ZSI6NjAwMDAwMDAwMDAwfX0=",
          "dependencies": [
            "data.opentelekomcloud_identity_project_v3.current",
            "opentelekomcloud_vpc_v1.vpc"
          ]
        },
        {
          "index_key": "public-subnet",
          "schema_version": 0,
          "attributes": {
            "availability_zone": "",
            "cidr": "10.0.96.0/19",
            "description": "",
            "dhcp_enable": true,
            "dns_list": [
              "100.125.4.25",
              "100.125.129.199"
            ],
            "gateway_ip": "10.0.96.1",
            "id": "e7ca1df1-efa9-4d60-af65-e537a83cc6d6",
            "name": "public-subnet",
            "network_id": "e7ca1df1-efa9-4d60-af65-e537a83cc6d6",
            "ntp_addresses": null,
            "primary_dns": "100.125.4.25",
            "region": "eu-de",
            "secondary_dns": "100.125.129.199",
            "status": "ACTIVE",
            "subnet_id": "7f4da9da-4f14-4db9-abf1-917653ca52c2",
            "tags": {},
            "timeouts": null,
            "vpc_id": "abbd9aa8-e595-444e-8611-7952f2c09a9e"
          },
          "sensitive_attributes": [],
          "private": "eyJlMmJmYjczMC1lY2FhLTExZTYtOGY4OC0zNDM2M2JjN2M0YzAiOnsiY3JlYXRlIjo2MDAwMDAwMDAwMDAsImRlbGV0ZSI6NjAwMDAwMDAwMDAwfX0=",
          "dependencies": [
            "data.opentelekomcloud_identity_project_v3.current",
            "opentelekomcloud_vpc_v1.vpc"
          ]
        }
      ]
    },
    {
      "mode": "managed",
      "type": "opentelekomcloud_vpc_v1",
      "name": "vpc",
      "provider": "provider[\"registry.terraform.io/opentelekomcloud/opentelekomcloud\"]",
      "instances": [
        {
          "schema_version": 0,
          "attributes": {
            "cidr": "10.0.0.0/16",
            "description": "",
            "id": "abbd9aa8-e595-444e-8611-7952f2c09a9e",
            "name": "dynarace-vpc",
            "region": "eu-de",
            "shared": true,
            "status": "OK",
            "tags": {},
            "timeouts": null
          },
          "sensitive_attributes": [],
          "private": "eyJlMmJmYjczMC1lY2FhLTExZTYtOGY4OC0zNDM2M2JjN2M0YzAiOnsiY3JlYXRlIjo2MDAwMDAwMDAwMDAsImRlbGV0ZSI6MTgwMDAwMDAwMDAwfX0=",
          "dependencies": [
            "data.opentelekomcloud_identity_project_v3.current"
          ]
        }
      ]
    }
  ],
  "check_results": null
}
