{
  "version": 4,
  "terraform_version": "1.5.5",
  "serial": 79,
  "lineage": "9338b134-b2dc-c1ce-9362-735905fb9c6c",
  "outputs": {
    "private_subnet": {
      "value": {
        "availability_zone": "",
        "cidr": "10.0.0.0/24",
        "description": "",
        "dhcp_enable": true,
        "dns_list": [
          "100.125.4.25",
          "100.125.129.199"
        ],
        "gateway_ip": "10.0.0.1",
        "id": "c9ca6122-37d5-44c0-a0d3-2c34e153f4ec",
        "name": "dynatrce_private_subnet",
        "network_id": "c9ca6122-37d5-44c0-a0d3-2c34e153f4ec",
        "ntp_addresses": null,
        "primary_dns": "100.125.4.25",
        "region": "eu-de",
        "secondary_dns": "100.125.129.199",
        "status": "ACTIVE",
        "subnet_id": "7aa4e1e7-db14-4b16-94b1-36cafabf9f01",
        "tags": {},
        "timeouts": null,
        "vpc_id": "fa54fe3a-387a-433a-b4ae-cdcd101dfcfb"
      },
      "type": [
        "object",
        {
          "availability_zone": "string",
          "cidr": "string",
          "description": "string",
          "dhcp_enable": "bool",
          "dns_list": [
            "list",
            "string"
          ],
          "gateway_ip": "string",
          "id": "string",
          "name": "string",
          "network_id": "string",
          "ntp_addresses": "string",
          "primary_dns": "string",
          "region": "string",
          "secondary_dns": "string",
          "status": "string",
          "subnet_id": "string",
          "tags": [
            "map",
            "string"
          ],
          "timeouts": [
            "object",
            {
              "create": "string",
              "delete": "string"
            }
          ],
          "vpc_id": "string"
        }
      ]
    },
    "public_subnet": {
      "value": {
        "availability_zone": "",
        "cidr": "10.0.1.0/24",
        "description": "",
        "dhcp_enable": true,
        "dns_list": [
          "100.125.4.25",
          "100.125.129.199"
        ],
        "gateway_ip": "10.0.1.1",
        "id": "46f7a7ee-4daf-4ad0-b3e4-46fcf845cfb6",
        "name": "dynatrce_public_subnet",
        "network_id": "46f7a7ee-4daf-4ad0-b3e4-46fcf845cfb6",
        "ntp_addresses": null,
        "primary_dns": "100.125.4.25",
        "region": "eu-de",
        "secondary_dns": "100.125.129.199",
        "status": "ACTIVE",
        "subnet_id": "abc30ef3-1b51-4216-b25a-52215359a7d2",
        "tags": {},
        "timeouts": null,
        "vpc_id": "fa54fe3a-387a-433a-b4ae-cdcd101dfcfb"
      },
      "type": [
        "object",
        {
          "availability_zone": "string",
          "cidr": "string",
          "description": "string",
          "dhcp_enable": "bool",
          "dns_list": [
            "list",
            "string"
          ],
          "gateway_ip": "string",
          "id": "string",
          "name": "string",
          "network_id": "string",
          "ntp_addresses": "string",
          "primary_dns": "string",
          "region": "string",
          "secondary_dns": "string",
          "status": "string",
          "subnet_id": "string",
          "tags": [
            "map",
            "string"
          ],
          "timeouts": [
            "object",
            {
              "create": "string",
              "delete": "string"
            }
          ],
          "vpc_id": "string"
        }
      ]
    },
    "vpc": {
      "value": {
        "cidr": "10.0.0.0/16",
        "description": "",
        "id": "fa54fe3a-387a-433a-b4ae-cdcd101dfcfb",
        "name": "dynatrce",
        "region": "eu-de",
        "shared": false,
        "status": "OK",
        "tags": {},
        "timeouts": null
      },
      "type": [
        "object",
        {
          "cidr": "string",
          "description": "string",
          "id": "string",
          "name": "string",
          "region": "string",
          "shared": "bool",
          "status": "string",
          "tags": [
            "map",
            "string"
          ],
          "timeouts": [
            "object",
            {
              "create": "string",
              "delete": "string"
            }
          ]
        }
      ]
    }
  },
  "resources": [
    {
      "mode": "managed",
      "type": "opentelekomcloud_nat_snat_rule_v2",
      "name": "nc_snat_public",
      "provider": "provider[\"registry.terraform.io/opentelekomcloud/opentelekomcloud\"]",
      "instances": []
    },
    {
      "mode": "managed",
      "type": "opentelekomcloud_networking_floatingip_v2",
      "name": "snat_public_ip",
      "provider": "provider[\"registry.terraform.io/opentelekomcloud/opentelekomcloud\"]",
      "instances": [
        {
          "schema_version": 0,
          "attributes": {
            "address": "80.158.58.253",
            "fixed_ip": "",
            "id": "5e9092ce-4b56-4865-866c-187d7aa768fa",
            "pool": "admin_external_net",
            "port_id": "",
            "region": "eu-de",
            "tenant_id": "9291d2882e5b4abf98a0a004b22c2437",
            "timeouts": null,
            "value_specs": null
          },
          "sensitive_attributes": [],
          "private": "eyJlMmJmYjczMC1lY2FhLTExZTYtOGY4OC0zNDM2M2JjN2M0YzAiOnsiY3JlYXRlIjo2MDAwMDAwMDAwMDAsImRlbGV0ZSI6NjAwMDAwMDAwMDAwfX0="
        }
      ]
    },
    {
      "mode": "managed",
      "type": "opentelekomcloud_vpc_subnet_v1",
      "name": "private_subnet",
      "provider": "provider[\"registry.terraform.io/opentelekomcloud/opentelekomcloud\"]",
      "instances": [
        {
          "schema_version": 0,
          "attributes": {
            "availability_zone": "",
            "cidr": "10.0.0.0/24",
            "description": "",
            "dhcp_enable": true,
            "dns_list": [
              "100.125.4.25",
              "100.125.129.199"
            ],
            "gateway_ip": "10.0.0.1",
            "id": "c9ca6122-37d5-44c0-a0d3-2c34e153f4ec",
            "name": "dynatrce_private_subnet",
            "network_id": "c9ca6122-37d5-44c0-a0d3-2c34e153f4ec",
            "ntp_addresses": null,
            "primary_dns": "100.125.4.25",
            "region": "eu-de",
            "secondary_dns": "100.125.129.199",
            "status": "ACTIVE",
            "subnet_id": "7aa4e1e7-db14-4b16-94b1-36cafabf9f01",
            "tags": {},
            "timeouts": null,
            "vpc_id": "fa54fe3a-387a-433a-b4ae-cdcd101dfcfb"
          },
          "sensitive_attributes": [],
          "private": "eyJlMmJmYjczMC1lY2FhLTExZTYtOGY4OC0zNDM2M2JjN2M0YzAiOnsiY3JlYXRlIjo2MDAwMDAwMDAwMDAsImRlbGV0ZSI6NjAwMDAwMDAwMDAwfX0=",
          "dependencies": [
            "opentelekomcloud_vpc_v1.vpc"
          ]
        }
      ]
    },
    {
      "mode": "managed",
      "type": "opentelekomcloud_vpc_subnet_v1",
      "name": "public_subnet",
      "provider": "provider[\"registry.terraform.io/opentelekomcloud/opentelekomcloud\"]",
      "instances": [
        {
          "schema_version": 0,
          "attributes": {
            "availability_zone": "",
            "cidr": "10.0.1.0/24",
            "description": "",
            "dhcp_enable": true,
            "dns_list": [
              "100.125.4.25",
              "100.125.129.199"
            ],
            "gateway_ip": "10.0.1.1",
            "id": "46f7a7ee-4daf-4ad0-b3e4-46fcf845cfb6",
            "name": "dynatrce_public_subnet",
            "network_id": "46f7a7ee-4daf-4ad0-b3e4-46fcf845cfb6",
            "ntp_addresses": null,
            "primary_dns": "100.125.4.25",
            "region": "eu-de",
            "secondary_dns": "100.125.129.199",
            "status": "ACTIVE",
            "subnet_id": "abc30ef3-1b51-4216-b25a-52215359a7d2",
            "tags": {},
            "timeouts": null,
            "vpc_id": "fa54fe3a-387a-433a-b4ae-cdcd101dfcfb"
          },
          "sensitive_attributes": [],
          "private": "eyJlMmJmYjczMC1lY2FhLTExZTYtOGY4OC0zNDM2M2JjN2M0YzAiOnsiY3JlYXRlIjo2MDAwMDAwMDAwMDAsImRlbGV0ZSI6NjAwMDAwMDAwMDAwfX0=",
          "dependencies": [
            "opentelekomcloud_vpc_v1.vpc"
          ]
        }
      ]
    },
    {
      "mode": "managed",
      "type": "opentelekomcloud_vpc_v1",
      "name": "vpc",
      "provider": "provider[\"registry.terraform.io/opentelekomcloud/opentelekomcloud\"]",
      "instances": [
        {
          "schema_version": 0,
          "attributes": {
            "cidr": "10.0.0.0/16",
            "description": "",
            "id": "fa54fe3a-387a-433a-b4ae-cdcd101dfcfb",
            "name": "dynatrce",
            "region": "eu-de",
            "shared": false,
            "status": "OK",
            "tags": {},
            "timeouts": null
          },
          "sensitive_attributes": [],
          "private": "eyJlMmJmYjczMC1lY2FhLTExZTYtOGY4OC0zNDM2M2JjN2M0YzAiOnsiY3JlYXRlIjo2MDAwMDAwMDAwMDAsImRlbGV0ZSI6MTgwMDAwMDAwMDAwfX0="
        }
      ]
    }
  ],
  "check_results": null
}
