{
  "version": 4,
  "terraform_version": "1.5.5",
  "serial": 845,
  "lineage": "4d11bb8f-ef1f-ca40-853a-3075ef358fc2",
  "outputs": {
    "vpc": {
      "value": "5e87e154-2fd5-402e-add6-27cc519de746",
      "type": "string"
    }
  },
  "resources": [
    {
      "module": "module.dynatrace_node1",
      "mode": "data",
      "type": "opentelekomcloud_images_image_v2",
      "name": "ecs_vm_image",
      "provider": "module.dynatrace_node1.provider[\"registry.terraform.io/opentelekomcloud/opentelekomcloud\"]",
      "instances": [
        {
          "schema_version": 0,
          "attributes": {
            "checksum": "a1733c9887975ed17d6e4a3131f89ab8",
            "container_format": "bare",
            "created_at": "2023-09-19T11:33:24Z",
            "disk_format": "zvhd2",
            "file": "/v2/images/bb756476-49e6-4288-9773-60ceb47c7ea4/file",
            "id": "bb756476-49e6-4288-9773-60ceb47c7ea4",
            "image_type": null,
            "is_registered": null,
            "member_status": null,
            "metadata": null,
            "min_disk": null,
            "min_disk_gb": 6,
            "min_ram": null,
            "min_ram_mb": 1024,
            "most_recent": false,
            "name": "Standard_Ubuntu_20.04_latest",
            "name_regex": null,
            "os_bit": null,
            "os_type": "Linux",
            "owner": "7d32d95d93104a8fae3d60e9b611e52e",
            "platform": "Ubuntu",
            "protected": true,
            "region": null,
            "schema": "/v2/schemas/image",
            "size_bytes": 11,
            "size_max": null,
            "size_min": null,
            "sort_direction": "asc",
            "sort_key": null,
            "status": "active",
            "support_disk_intensive": null,
            "support_high_performance": null,
            "support_kvm": null,
            "support_kvm_gpu_type": null,
            "support_kvm_infiniband": null,
            "support_large_memory": null,
            "support_xen": null,
            "support_xen_gpu_type": null,
            "support_xen_hana": null,
            "system_cmk_id": null,
            "tag": null,
            "tags": [],
            "updated_at": "2023-09-19T11:33:46Z",
            "virtual_env_type": null,
            "visibility": "public",
            "whole_image": null
          },
          "sensitive_attributes": []
        }
      ]
    },
    {
      "module": "module.dynatrace_node1",
      "mode": "managed",
      "type": "opentelekomcloud_blockstorage_volume_v2",
      "name": "volumes",
      "provider": "module.dynatrace_node1.provider[\"registry.terraform.io/opentelekomcloud/opentelekomcloud\"]",
      "instances": [
        {
          "index_key": 0,
          "schema_version": 0,
          "attributes": {
            "attachment": [],
            "availability_zone": "eu-de-01",
            "cascade": false,
            "consistency_group_id": null,
            "description": "",
            "device_type": "VBD",
            "id": "fb77b150-50ab-497a-8166-69cb0dd4b9cc",
            "image_id": null,
            "metadata": {},
            "name": "vol-01",
            "region": "eu-de",
            "size": 1,
            "snapshot_id": "",
            "source_replica": null,
            "source_vol_id": "",
            "tags": null,
            "timeouts": null,
            "volume_type": "SATA",
            "wwn": null
          },
          "sensitive_attributes": [],
          "private": "eyJlMmJmYjczMC1lY2FhLTExZTYtOGY4OC0zNDM2M2JjN2M0YzAiOnsiY3JlYXRlIjo2MDAwMDAwMDAwMDAsImRlbGV0ZSI6NjAwMDAwMDAwMDAwfX0="
        },
        {
          "index_key": 1,
          "schema_version": 0,
          "attributes": {
            "attachment": [],
            "availability_zone": "eu-de-01",
            "cascade": false,
            "consistency_group_id": null,
            "description": "",
            "device_type": "VBD",
            "id": "ec57238b-db28-4fce-b74a-1c72986ea8f0",
            "image_id": null,
            "metadata": {},
            "name": "vol-02",
            "region": "eu-de",
            "size": 1,
            "snapshot_id": "",
            "source_replica": null,
            "source_vol_id": "",
            "tags": null,
            "timeouts": null,
            "volume_type": "SATA",
            "wwn": null
          },
          "sensitive_attributes": [],
          "private": "eyJlMmJmYjczMC1lY2FhLTExZTYtOGY4OC0zNDM2M2JjN2M0YzAiOnsiY3JlYXRlIjo2MDAwMDAwMDAwMDAsImRlbGV0ZSI6NjAwMDAwMDAwMDAwfX0="
        },
        {
          "index_key": 2,
          "schema_version": 0,
          "attributes": {
            "attachment": [],
            "availability_zone": "eu-de-01",
            "cascade": false,
            "consistency_group_id": null,
            "description": "",
            "device_type": "VBD",
            "id": "ea3556b1-8ae3-4814-ad03-518496778284",
            "image_id": null,
            "metadata": {},
            "name": "vol-03",
            "region": "eu-de",
            "size": 1,
            "snapshot_id": "",
            "source_replica": null,
            "source_vol_id": "",
            "tags": null,
            "timeouts": null,
            "volume_type": "SATA",
            "wwn": null
          },
          "sensitive_attributes": [],
          "private": "eyJlMmJmYjczMC1lY2FhLTExZTYtOGY4OC0zNDM2M2JjN2M0YzAiOnsiY3JlYXRlIjo2MDAwMDAwMDAwMDAsImRlbGV0ZSI6NjAwMDAwMDAwMDAwfX0="
        },
        {
          "index_key": 3,
          "schema_version": 0,
          "attributes": {
            "attachment": [],
            "availability_zone": "eu-de-01",
            "cascade": false,
            "consistency_group_id": null,
            "description": "",
            "device_type": "VBD",
            "id": "2f9a2a05-db9e-49b2-acd3-5d14ce111dba",
            "image_id": null,
            "metadata": {},
            "name": "vol-04",
            "region": "eu-de",
            "size": 1,
            "snapshot_id": "",
            "source_replica": null,
            "source_vol_id": "",
            "tags": null,
            "timeouts": null,
            "volume_type": "SATA",
            "wwn": null
          },
          "sensitive_attributes": [],
          "private": "eyJlMmJmYjczMC1lY2FhLTExZTYtOGY4OC0zNDM2M2JjN2M0YzAiOnsiY3JlYXRlIjo2MDAwMDAwMDAwMDAsImRlbGV0ZSI6NjAwMDAwMDAwMDAwfX0="
        }
      ]
    },
    {
      "module": "module.dynatrace_node1",
      "mode": "managed",
      "type": "opentelekomcloud_compute_instance_v2",
      "name": "dynatrace_node1",
      "provider": "module.dynatrace_node1.provider[\"registry.terraform.io/opentelekomcloud/opentelekomcloud\"]",
      "instances": [
        {
          "schema_version": 0,
          "attributes": {
            "access_ip_v4": "10.0.0.61",
            "access_ip_v6": "",
            "admin_pass": null,
            "all_metadata": {},
            "auto_recovery": true,
            "availability_zone": "eu-de-01",
            "block_device": [
              {
                "boot_index": 0,
                "delete_on_termination": true,
                "destination_type": "volume",
                "device_name": "",
                "guest_format": "",
                "source_type": "image",
                "uuid": "bb756476-49e6-4288-9773-60ceb47c7ea4",
                "volume_size": 6,
                "volume_type": ""
              }
            ],
            "config_drive": null,
            "encrypted_password": "",
            "flavor_id": "s3.medium.1",
            "flavor_name": "s3.medium.1",
            "id": "e586aaef-5e76-4fc4-a025-d62127e8fb4e",
            "image_id": "bb756476-49e6-4288-9773-60ceb47c7ea4",
            "image_name": "Not Found",
            "key_pair": "my-key",
            "metadata": null,
            "name": "dynatrce_node_az01",
            "network": [
              {
                "access_network": false,
                "fixed_ip_v4": "10.0.0.61",
                "fixed_ip_v6": "",
                "mac": "fa:16:3e:99:99:d6",
                "name": "e9e15659-8b31-49b3-a922-9871990bcfc8",
                "port": "e492f6a9-f035-440d-b4ae-590a21a7849f",
                "uuid": "08863d5b-2ef9-4389-b70d-b6a7aa63409c"
              }
            ],
            "password": null,
            "power_state": "active",
            "region": "eu-de",
            "scheduler_hints": [],
            "security_groups": [
              "7ecdcb5f-2757-4274-8959-5a6f7b8c12c8"
            ],
            "ssh_private_key_path": null,
            "stop_before_destroy": false,
            "tags": null,
            "timeouts": null,
            "user_data": "495788a4fb24a8eee14158c66c5b0114a3ae6ef2",
            "volume_attached": [
              {
                "id": "a8d4654d-082e-48f2-9abd-88648d1feba3"
              }
            ]
          },
          "sensitive_attributes": [],
          "private": "eyJlMmJmYjczMC1lY2FhLTExZTYtOGY4OC0zNDM2M2JjN2M0YzAiOnsiY3JlYXRlIjoxODAwMDAwMDAwMDAwLCJkZWxldGUiOjE4MDAwMDAwMDAwMDAsInVwZGF0ZSI6MTgwMDAwMDAwMDAwMH19",
          "dependencies": [
            "module.dynatrace_node1.data.opentelekomcloud_images_image_v2.ecs_vm_image",
            "module.dynatrace_node1.opentelekomcloud_networking_secgroup_v2.dynatrce_node_ssh_ecs_vm_sg",
            "module.vpc.opentelekomcloud_vpc_subnet_v1.private_subnet01",
            "module.vpc.opentelekomcloud_vpc_v1.vpc"
          ]
        }
      ]
    },
    {
      "module": "module.dynatrace_node1",
      "mode": "managed",
      "type": "opentelekomcloud_compute_volume_attach_v2",
      "name": "attachments",
      "provider": "module.dynatrace_node1.provider[\"registry.terraform.io/opentelekomcloud/opentelekomcloud\"]",
      "instances": [
        {
          "index_key": 0,
          "schema_version": 0,
          "attributes": {
            "device": "/dev/vdc",
            "id": "e586aaef-5e76-4fc4-a025-d62127e8fb4e/fb77b150-50ab-497a-8166-69cb0dd4b9cc",
            "instance_id": "e586aaef-5e76-4fc4-a025-d62127e8fb4e",
            "region": "eu-de",
            "timeouts": null,
            "volume_id": "fb77b150-50ab-497a-8166-69cb0dd4b9cc"
          },
          "sensitive_attributes": [],
          "private": "eyJlMmJmYjczMC1lY2FhLTExZTYtOGY4OC0zNDM2M2JjN2M0YzAiOnsiY3JlYXRlIjo2MDAwMDAwMDAwMDAsImRlbGV0ZSI6NjAwMDAwMDAwMDAwfX0=",
          "dependencies": [
            "module.dynatrace_node1.data.opentelekomcloud_images_image_v2.ecs_vm_image",
            "module.dynatrace_node1.opentelekomcloud_blockstorage_volume_v2.volumes",
            "module.dynatrace_node1.opentelekomcloud_compute_instance_v2.dynatrace_node1",
            "module.dynatrace_node1.opentelekomcloud_networking_secgroup_v2.dynatrce_node_ssh_ecs_vm_sg",
            "module.vpc.opentelekomcloud_vpc_subnet_v1.private_subnet01",
            "module.vpc.opentelekomcloud_vpc_v1.vpc"
          ]
        },
        {
          "index_key": 1,
          "schema_version": 0,
          "attributes": {
            "device": "/dev/vdd",
            "id": "e586aaef-5e76-4fc4-a025-d62127e8fb4e/ec57238b-db28-4fce-b74a-1c72986ea8f0",
            "instance_id": "e586aaef-5e76-4fc4-a025-d62127e8fb4e",
            "region": "eu-de",
            "timeouts": null,
            "volume_id": "ec57238b-db28-4fce-b74a-1c72986ea8f0"
          },
          "sensitive_attributes": [],
          "private": "eyJlMmJmYjczMC1lY2FhLTExZTYtOGY4OC0zNDM2M2JjN2M0YzAiOnsiY3JlYXRlIjo2MDAwMDAwMDAwMDAsImRlbGV0ZSI6NjAwMDAwMDAwMDAwfX0=",
          "dependencies": [
            "module.dynatrace_node1.data.opentelekomcloud_images_image_v2.ecs_vm_image",
            "module.dynatrace_node1.opentelekomcloud_blockstorage_volume_v2.volumes",
            "module.dynatrace_node1.opentelekomcloud_compute_instance_v2.dynatrace_node1",
            "module.dynatrace_node1.opentelekomcloud_networking_secgroup_v2.dynatrce_node_ssh_ecs_vm_sg",
            "module.vpc.opentelekomcloud_vpc_subnet_v1.private_subnet01",
            "module.vpc.opentelekomcloud_vpc_v1.vpc"
          ]
        },
        {
          "index_key": 2,
          "schema_version": 0,
          "attributes": {
            "device": "/dev/vdb",
            "id": "e586aaef-5e76-4fc4-a025-d62127e8fb4e/ea3556b1-8ae3-4814-ad03-518496778284",
            "instance_id": "e586aaef-5e76-4fc4-a025-d62127e8fb4e",
            "region": "eu-de",
            "timeouts": null,
            "volume_id": "ea3556b1-8ae3-4814-ad03-518496778284"
          },
          "sensitive_attributes": [],
          "private": "eyJlMmJmYjczMC1lY2FhLTExZTYtOGY4OC0zNDM2M2JjN2M0YzAiOnsiY3JlYXRlIjo2MDAwMDAwMDAwMDAsImRlbGV0ZSI6NjAwMDAwMDAwMDAwfX0=",
          "dependencies": [
            "module.dynatrace_node1.data.opentelekomcloud_images_image_v2.ecs_vm_image",
            "module.dynatrace_node1.opentelekomcloud_blockstorage_volume_v2.volumes",
            "module.dynatrace_node1.opentelekomcloud_compute_instance_v2.dynatrace_node1",
            "module.dynatrace_node1.opentelekomcloud_networking_secgroup_v2.dynatrce_node_ssh_ecs_vm_sg",
            "module.vpc.opentelekomcloud_vpc_subnet_v1.private_subnet01",
            "module.vpc.opentelekomcloud_vpc_v1.vpc"
          ]
        },
        {
          "index_key": 3,
          "schema_version": 0,
          "attributes": {
            "device": "/dev/vde",
            "id": "e586aaef-5e76-4fc4-a025-d62127e8fb4e/2f9a2a05-db9e-49b2-acd3-5d14ce111dba",
            "instance_id": "e586aaef-5e76-4fc4-a025-d62127e8fb4e",
            "region": "eu-de",
            "timeouts": null,
            "volume_id": "2f9a2a05-db9e-49b2-acd3-5d14ce111dba"
          },
          "sensitive_attributes": [],
          "private": "eyJlMmJmYjczMC1lY2FhLTExZTYtOGY4OC0zNDM2M2JjN2M0YzAiOnsiY3JlYXRlIjo2MDAwMDAwMDAwMDAsImRlbGV0ZSI6NjAwMDAwMDAwMDAwfX0=",
          "dependencies": [
            "module.dynatrace_node1.data.opentelekomcloud_images_image_v2.ecs_vm_image",
            "module.dynatrace_node1.opentelekomcloud_blockstorage_volume_v2.volumes",
            "module.dynatrace_node1.opentelekomcloud_compute_instance_v2.dynatrace_node1",
            "module.dynatrace_node1.opentelekomcloud_networking_secgroup_v2.dynatrce_node_ssh_ecs_vm_sg",
            "module.vpc.opentelekomcloud_vpc_subnet_v1.private_subnet01",
            "module.vpc.opentelekomcloud_vpc_v1.vpc"
          ]
        }
      ]
    },
    {
      "module": "module.dynatrace_node1",
      "mode": "managed",
      "type": "opentelekomcloud_networking_secgroup_rule_v2",
      "name": "dynatrace_ssh_ecs_vm_sg_in_rule",
      "provider": "module.dynatrace_node1.provider[\"registry.terraform.io/opentelekomcloud/opentelekomcloud\"]",
      "instances": [
        {
          "schema_version": 0,
          "attributes": {
            "description": "",
            "direction": "ingress",
            "ethertype": "IPv4",
            "id": "bd3bd191-c43d-46b1-8b53-fbdb471f1194",
            "port_range_max": 22,
            "port_range_min": 22,
            "protocol": "tcp",
            "region": "eu-de",
            "remote_group_id": "",
            "remote_ip_prefix": "10.0.3.161/32",
            "security_group_id": "7ecdcb5f-2757-4274-8959-5a6f7b8c12c8",
            "tenant_id": "9291d2882e5b4abf98a0a004b22c2437",
            "timeouts": null
          },
          "sensitive_attributes": [],
          "private": "eyJlMmJmYjczMC1lY2FhLTExZTYtOGY4OC0zNDM2M2JjN2M0YzAiOnsiZGVsZXRlIjo2MDAwMDAwMDAwMDB9fQ==",
          "dependencies": [
            "module.dynatrace_node1.opentelekomcloud_networking_secgroup_v2.dynatrce_node_ssh_ecs_vm_sg",
            "module.jump_host.data.opentelekomcloud_images_image_v2.ecs_vm_image",
            "module.jump_host.opentelekomcloud_compute_instance_v2.jump_host",
            "module.jump_host.opentelekomcloud_networking_secgroup_v2.jh_ssh_ecs_vm_sg",
            "module.vpc.opentelekomcloud_vpc_subnet_v1.public_subnet01",
            "module.vpc.opentelekomcloud_vpc_v1.vpc"
          ]
        }
      ]
    },
    {
      "module": "module.dynatrace_node1",
      "mode": "managed",
      "type": "opentelekomcloud_networking_secgroup_v2",
      "name": "dynatrce_node_ssh_ecs_vm_sg",
      "provider": "module.dynatrace_node1.provider[\"registry.terraform.io/opentelekomcloud/opentelekomcloud\"]",
      "instances": [
        {
          "schema_version": 0,
          "attributes": {
            "delete_default_rules": null,
            "description": "SSH Access to the dynatrce vms",
            "id": "7ecdcb5f-2757-4274-8959-5a6f7b8c12c8",
            "name": "dynatrce_node_sg",
            "region": "eu-de",
            "tenant_id": "9291d2882e5b4abf98a0a004b22c2437",
            "timeouts": null
          },
          "sensitive_attributes": [],
          "private": "eyJlMmJmYjczMC1lY2FhLTExZTYtOGY4OC0zNDM2M2JjN2M0YzAiOnsiZGVsZXRlIjo2MDAwMDAwMDAwMDB9fQ=="
        }
      ]
    },
    {
      "module": "module.jump_host",
      "mode": "data",
      "type": "opentelekomcloud_images_image_v2",
      "name": "ecs_vm_image",
      "provider": "module.jump_host.provider[\"registry.terraform.io/opentelekomcloud/opentelekomcloud\"]",
      "instances": [
        {
          "schema_version": 0,
          "attributes": {
            "checksum": "a1733c9887975ed17d6e4a3131f89ab8",
            "container_format": "bare",
            "created_at": "2023-09-19T11:33:24Z",
            "disk_format": "zvhd2",
            "file": "/v2/images/bb756476-49e6-4288-9773-60ceb47c7ea4/file",
            "id": "bb756476-49e6-4288-9773-60ceb47c7ea4",
            "image_type": null,
            "is_registered": null,
            "member_status": null,
            "metadata": null,
            "min_disk": null,
            "min_disk_gb": 6,
            "min_ram": null,
            "min_ram_mb": 1024,
            "most_recent": false,
            "name": "Standard_Ubuntu_20.04_latest",
            "name_regex": null,
            "os_bit": null,
            "os_type": "Linux",
            "owner": "7d32d95d93104a8fae3d60e9b611e52e",
            "platform": "Ubuntu",
            "protected": true,
            "region": null,
            "schema": "/v2/schemas/image",
            "size_bytes": 11,
            "size_max": null,
            "size_min": null,
            "sort_direction": "asc",
            "sort_key": null,
            "status": "active",
            "support_disk_intensive": null,
            "support_high_performance": null,
            "support_kvm": null,
            "support_kvm_gpu_type": null,
            "support_kvm_infiniband": null,
            "support_large_memory": null,
            "support_xen": null,
            "support_xen_gpu_type": null,
            "support_xen_hana": null,
            "system_cmk_id": null,
            "tag": null,
            "tags": [],
            "updated_at": "2023-09-19T11:33:46Z",
            "virtual_env_type": null,
            "visibility": "public",
            "whole_image": null
          },
          "sensitive_attributes": []
        }
      ]
    },
    {
      "module": "module.jump_host",
      "mode": "managed",
      "type": "null_resource",
      "name": "configure_ssh",
      "provider": "provider[\"registry.terraform.io/hashicorp/null\"]",
      "instances": [
        {
          "status": "tainted",
          "schema_version": 0,
          "attributes": {
            "id": "6658669597100943887",
            "triggers": null
          },
          "sensitive_attributes": [],
          "dependencies": [
            "module.dynatrace_node1.data.opentelekomcloud_images_image_v2.ecs_vm_image",
            "module.dynatrace_node1.opentelekomcloud_compute_instance_v2.dynatrace_node1",
            "module.dynatrace_node1.opentelekomcloud_networking_secgroup_v2.dynatrce_node_ssh_ecs_vm_sg",
            "module.jump_host.opentelekomcloud_vpc_eip_v1.jumphost_eip",
            "module.vpc.opentelekomcloud_vpc_subnet_v1.private_subnet01",
            "module.vpc.opentelekomcloud_vpc_v1.vpc"
          ]
        }
      ]
    },
    {
      "module": "module.jump_host",
      "mode": "managed",
      "type": "opentelekomcloud_compute_instance_v2",
      "name": "jump_host",
      "provider": "module.jump_host.provider[\"registry.terraform.io/opentelekomcloud/opentelekomcloud\"]",
      "instances": [
        {
          "schema_version": 0,
          "attributes": {
            "access_ip_v4": "10.0.3.161",
            "access_ip_v6": "",
            "admin_pass": null,
            "all_metadata": {},
            "auto_recovery": true,
            "availability_zone": "eu-de-01",
            "block_device": [
              {
                "boot_index": 0,
                "delete_on_termination": true,
                "destination_type": "volume",
                "device_name": "",
                "guest_format": "",
                "source_type": "image",
                "uuid": "bb756476-49e6-4288-9773-60ceb47c7ea4",
                "volume_size": 6,
                "volume_type": ""
              }
            ],
            "config_drive": null,
            "encrypted_password": "",
            "flavor_id": "s3.medium.1",
            "flavor_name": "s3.medium.1",
            "id": "e272179b-fd46-4bae-932e-5e332283d743",
            "image_id": "bb756476-49e6-4288-9773-60ceb47c7ea4",
            "image_name": "Not Found",
            "key_pair": "my-key",
            "metadata": null,
            "name": "dynatrce_jump_host_az01",
            "network": [
              {
                "access_network": false,
                "fixed_ip_v4": "10.0.3.161",
                "fixed_ip_v6": "",
                "mac": "fa:16:3e:66:69:08",
                "name": "e9e15659-8b31-49b3-a922-9871990bcfc8",
                "port": "54d47a29-bdcc-458e-828c-b7670c5aa563",
                "uuid": "5e87e154-2fd5-402e-add6-27cc519de746"
              }
            ],
            "password": null,
            "power_state": "active",
            "region": "eu-de",
            "scheduler_hints": [],
            "security_groups": [
              "40881892-cbe6-410e-b147-df6049dcd352"
            ],
            "ssh_private_key_path": null,
            "stop_before_destroy": false,
            "tags": null,
            "timeouts": null,
            "user_data": "495788a4fb24a8eee14158c66c5b0114a3ae6ef2",
            "volume_attached": [
              {
                "id": "f045b738-b737-4cd4-a2d5-5166ef4c6ac3"
              }
            ]
          },
          "sensitive_attributes": [],
          "private": "eyJlMmJmYjczMC1lY2FhLTExZTYtOGY4OC0zNDM2M2JjN2M0YzAiOnsiY3JlYXRlIjoxODAwMDAwMDAwMDAwLCJkZWxldGUiOjE4MDAwMDAwMDAwMDAsInVwZGF0ZSI6MTgwMDAwMDAwMDAwMH19",
          "dependencies": [
            "module.jump_host.data.opentelekomcloud_images_image_v2.ecs_vm_image",
            "module.jump_host.opentelekomcloud_networking_secgroup_v2.jh_ssh_ecs_vm_sg",
            "module.vpc.opentelekomcloud_vpc_subnet_v1.public_subnet01",
            "module.vpc.opentelekomcloud_vpc_v1.vpc"
          ]
        }
      ]
    },
    {
      "module": "module.jump_host",
      "mode": "managed",
      "type": "opentelekomcloud_compute_keypair_v2",
      "name": "ecs_vm-keypair",
      "provider": "module.jump_host.provider[\"registry.terraform.io/opentelekomcloud/opentelekomcloud\"]",
      "instances": [
        {
          "schema_version": 0,
          "attributes": {
            "id": "my-key",
            "name": "my-key",
            "private_key": "",
            "public_key": "ssh-rsa AAAAB3NzaC1yc2EAAAADAQABAAABgQCn5RJBZdqFttxu2kRBgOfSz5bwJs4NwNsokEscDuwZUg0o9Kwi+/THlvLWrYU5KxZlUTcl4QkmssEpn2iEETlPBlz8z7/1U3t4HAi6NslZDEoyOGKQjRkbwCKD93RkRKNHtnD7loTpPrTejgYF33OqSSvPxmDWExpO0nEUE+RWJAdBTAzae4duvarp4b874Ad4REIW1Mqjv3pLMP6jtZLpOM9OyMC4BmsgoYYWJLubCYx805bCVqfzzqld5NBzdJ1qPdqP1riYi3rX0lZpix2jR1m7aUOgwGOJ8LvILCy+USgLTvr4QjParY1nep267UWbxH489xj3eev1/JcVmGdijGBA5+3Y1U3zQlcUp5hnv73VsWgGLceExQbDGoTAdMoldc1zIt7ZaLlcmDfxgShmAZEyh5lJyv0OVBKyUo64/qW2vw1tfdTAD07ajOv9t3q8WcZn+1FatzRbTgngk8YRTjelQWM7IPFVFkMD31oVhidgEMJzsPSCGUl6gq7BZns= Nitin.Makwana@WIN-CCPFUFF9R8R\n",
            "region": "eu-de",
            "shared": false,
            "value_specs": null
          },
          "sensitive_attributes": [],
          "private": "bnVsbA=="
        }
      ]
    },
    {
      "module": "module.jump_host",
      "mode": "managed",
      "type": "opentelekomcloud_networking_floatingip_associate_v2",
      "name": "jumphost_eip_association",
      "provider": "module.jump_host.provider[\"registry.terraform.io/opentelekomcloud/opentelekomcloud\"]",
      "instances": [
        {
          "schema_version": 0,
          "attributes": {
            "floating_ip": "80.158.109.91",
            "id": "9cac7822-c77f-4f86-8674-d978b1473587",
            "port_id": "54d47a29-bdcc-458e-828c-b7670c5aa563",
            "region": "eu-de"
          },
          "sensitive_attributes": [],
          "private": "bnVsbA==",
          "dependencies": [
            "module.jump_host.data.opentelekomcloud_images_image_v2.ecs_vm_image",
            "module.jump_host.opentelekomcloud_compute_instance_v2.jump_host",
            "module.jump_host.opentelekomcloud_networking_secgroup_v2.jh_ssh_ecs_vm_sg",
            "module.jump_host.opentelekomcloud_vpc_eip_v1.jumphost_eip",
            "module.vpc.opentelekomcloud_vpc_subnet_v1.public_subnet01",
            "module.vpc.opentelekomcloud_vpc_v1.vpc"
          ]
        }
      ]
    },
    {
      "module": "module.jump_host",
      "mode": "managed",
      "type": "opentelekomcloud_networking_secgroup_rule_v2",
      "name": "jh_ssh_ecs_vm_sg_in_rule",
      "provider": "module.jump_host.provider[\"registry.terraform.io/opentelekomcloud/opentelekomcloud\"]",
      "instances": [
        {
          "schema_version": 0,
          "attributes": {
            "description": "",
            "direction": "ingress",
            "ethertype": "IPv4",
            "id": "f59222f6-d1b9-4247-a5c4-70860b6bafd9",
            "port_range_max": 22,
            "port_range_min": 22,
            "protocol": "tcp",
            "region": "eu-de",
            "remote_group_id": "",
            "remote_ip_prefix": "0.0.0.0/0",
            "security_group_id": "40881892-cbe6-410e-b147-df6049dcd352",
            "tenant_id": "9291d2882e5b4abf98a0a004b22c2437",
            "timeouts": null
          },
          "sensitive_attributes": [],
          "private": "eyJlMmJmYjczMC1lY2FhLTExZTYtOGY4OC0zNDM2M2JjN2M0YzAiOnsiZGVsZXRlIjo2MDAwMDAwMDAwMDB9fQ==",
          "dependencies": [
            "module.jump_host.opentelekomcloud_networking_secgroup_v2.jh_ssh_ecs_vm_sg"
          ]
        }
      ]
    },
    {
      "module": "module.jump_host",
      "mode": "managed",
      "type": "opentelekomcloud_networking_secgroup_rule_v2",
      "name": "jh_ssh_ecs_vm_sg_out_rule",
      "provider": "module.jump_host.provider[\"registry.terraform.io/opentelekomcloud/opentelekomcloud\"]",
      "instances": [
        {
          "schema_version": 0,
          "attributes": {
            "description": "",
            "direction": "egress",
            "ethertype": "IPv4",
            "id": "aa27d5d6-c593-4c45-a810-9dac426c918b",
            "port_range_max": 22,
            "port_range_min": 22,
            "protocol": "tcp",
            "region": "eu-de",
            "remote_group_id": "",
            "remote_ip_prefix": "0.0.0.0/0",
            "security_group_id": "40881892-cbe6-410e-b147-df6049dcd352",
            "tenant_id": "9291d2882e5b4abf98a0a004b22c2437",
            "timeouts": null
          },
          "sensitive_attributes": [],
          "private": "eyJlMmJmYjczMC1lY2FhLTExZTYtOGY4OC0zNDM2M2JjN2M0YzAiOnsiZGVsZXRlIjo2MDAwMDAwMDAwMDB9fQ==",
          "dependencies": [
            "module.jump_host.opentelekomcloud_networking_secgroup_v2.jh_ssh_ecs_vm_sg"
          ]
        }
      ]
    },
    {
      "module": "module.jump_host",
      "mode": "managed",
      "type": "opentelekomcloud_networking_secgroup_v2",
      "name": "jh_ssh_ecs_vm_sg",
      "provider": "module.jump_host.provider[\"registry.terraform.io/opentelekomcloud/opentelekomcloud\"]",
      "instances": [
        {
          "schema_version": 0,
          "attributes": {
            "delete_default_rules": null,
            "description": "SSH Access to the ecs_vm",
            "id": "40881892-cbe6-410e-b147-df6049dcd352",
            "name": "dynatrce_jump_host_sg",
            "region": "eu-de",
            "tenant_id": "9291d2882e5b4abf98a0a004b22c2437",
            "timeouts": null
          },
          "sensitive_attributes": [],
          "private": "eyJlMmJmYjczMC1lY2FhLTExZTYtOGY4OC0zNDM2M2JjN2M0YzAiOnsiZGVsZXRlIjo2MDAwMDAwMDAwMDB9fQ=="
        }
      ]
    },
    {
      "module": "module.jump_host",
      "mode": "managed",
      "type": "opentelekomcloud_vpc_eip_v1",
      "name": "jumphost_eip",
      "provider": "module.jump_host.provider[\"registry.terraform.io/opentelekomcloud/opentelekomcloud\"]",
      "instances": [
        {
          "schema_version": 0,
          "attributes": {
            "bandwidth": [
              {
                "charge_mode": "traffic",
                "name": "dynatrce_jh_eip_az01",
                "share_type": "PER",
                "size": 1
              }
            ],
            "id": "9cac7822-c77f-4f86-8674-d978b1473587",
            "publicip": [
              {
                "ip_address": "80.158.109.91",
                "port_id": "",
                "type": "5_bgp"
              }
            ],
            "region": "eu-de",
            "tags": null,
            "timeouts": null,
            "unbind_port": null,
            "value_specs": null
          },
          "sensitive_attributes": [],
          "private": "eyJlMmJmYjczMC1lY2FhLTExZTYtOGY4OC0zNDM2M2JjN2M0YzAiOnsiY3JlYXRlIjo2MDAwMDAwMDAwMDAsImRlbGV0ZSI6NjAwMDAwMDAwMDAwfX0="
        }
      ]
    },
    {
      "module": "module.vpc",
      "mode": "managed",
      "type": "opentelekomcloud_vpc_subnet_v1",
      "name": "private_subnet01",
      "provider": "module.vpc.provider[\"registry.terraform.io/opentelekomcloud/opentelekomcloud\"]",
      "instances": [
        {
          "schema_version": 0,
          "attributes": {
            "availability_zone": "eu-de-01",
            "cidr": "10.0.0.0/24",
            "description": "",
            "dhcp_enable": true,
            "dns_list": [
              "100.125.4.25",
              "100.125.129.199"
            ],
            "gateway_ip": "10.0.0.1",
            "id": "08863d5b-2ef9-4389-b70d-b6a7aa63409c",
            "name": "dynatrce_private_subnet_az01",
            "network_id": "08863d5b-2ef9-4389-b70d-b6a7aa63409c",
            "ntp_addresses": null,
            "primary_dns": "100.125.4.25",
            "region": "eu-de",
            "secondary_dns": "100.125.129.199",
            "status": "ACTIVE",
            "subnet_id": "c0b4e606-5013-4636-b366-1f56adff658a",
            "tags": null,
            "timeouts": null,
            "vpc_id": "e9e15659-8b31-49b3-a922-9871990bcfc8"
          },
          "sensitive_attributes": [],
          "private": "eyJlMmJmYjczMC1lY2FhLTExZTYtOGY4OC0zNDM2M2JjN2M0YzAiOnsiY3JlYXRlIjo2MDAwMDAwMDAwMDAsImRlbGV0ZSI6NjAwMDAwMDAwMDAwfX0=",
          "dependencies": [
            "module.vpc.opentelekomcloud_vpc_v1.vpc"
          ]
        }
      ]
    },
    {
      "module": "module.vpc",
      "mode": "managed",
      "type": "opentelekomcloud_vpc_subnet_v1",
      "name": "private_subnet02",
      "provider": "module.vpc.provider[\"registry.terraform.io/opentelekomcloud/opentelekomcloud\"]",
      "instances": [
        {
          "schema_version": 0,
          "attributes": {
            "availability_zone": "eu-de-02",
            "cidr": "10.0.1.0/24",
            "description": "",
            "dhcp_enable": true,
            "dns_list": [
              "100.125.4.25",
              "100.125.129.199"
            ],
            "gateway_ip": "10.0.1.1",
            "id": "f14641cf-6f2c-4aa2-b580-296b0c2dec57",
            "name": "dynatrce_private_subnet_az02",
            "network_id": "f14641cf-6f2c-4aa2-b580-296b0c2dec57",
            "ntp_addresses": null,
            "primary_dns": "100.125.4.25",
            "region": "eu-de",
            "secondary_dns": "100.125.129.199",
            "status": "ACTIVE",
            "subnet_id": "7eeb8d74-de6b-4863-be5a-8f96323590cc",
            "tags": null,
            "timeouts": null,
            "vpc_id": "e9e15659-8b31-49b3-a922-9871990bcfc8"
          },
          "sensitive_attributes": [],
          "private": "eyJlMmJmYjczMC1lY2FhLTExZTYtOGY4OC0zNDM2M2JjN2M0YzAiOnsiY3JlYXRlIjo2MDAwMDAwMDAwMDAsImRlbGV0ZSI6NjAwMDAwMDAwMDAwfX0=",
          "dependencies": [
            "module.vpc.opentelekomcloud_vpc_v1.vpc"
          ]
        }
      ]
    },
    {
      "module": "module.vpc",
      "mode": "managed",
      "type": "opentelekomcloud_vpc_subnet_v1",
      "name": "private_subnet03",
      "provider": "module.vpc.provider[\"registry.terraform.io/opentelekomcloud/opentelekomcloud\"]",
      "instances": [
        {
          "schema_version": 0,
          "attributes": {
            "availability_zone": "eu-de-03",
            "cidr": "10.0.2.0/24",
            "description": "",
            "dhcp_enable": true,
            "dns_list": [
              "100.125.4.25",
              "100.125.129.199"
            ],
            "gateway_ip": "10.0.2.1",
            "id": "d47c7364-563e-43f1-ae42-6290607e77c6",
            "name": "dynatrce_private_subnet_az03",
            "network_id": "d47c7364-563e-43f1-ae42-6290607e77c6",
            "ntp_addresses": null,
            "primary_dns": "100.125.4.25",
            "region": "eu-de",
            "secondary_dns": "100.125.129.199",
            "status": "ACTIVE",
            "subnet_id": "e2afdcce-990a-458f-8018-08c50d541510",
            "tags": null,
            "timeouts": null,
            "vpc_id": "e9e15659-8b31-49b3-a922-9871990bcfc8"
          },
          "sensitive_attributes": [],
          "private": "eyJlMmJmYjczMC1lY2FhLTExZTYtOGY4OC0zNDM2M2JjN2M0YzAiOnsiY3JlYXRlIjo2MDAwMDAwMDAwMDAsImRlbGV0ZSI6NjAwMDAwMDAwMDAwfX0=",
          "dependencies": [
            "module.vpc.opentelekomcloud_vpc_v1.vpc"
          ]
        }
      ]
    },
    {
      "module": "module.vpc",
      "mode": "managed",
      "type": "opentelekomcloud_vpc_subnet_v1",
      "name": "public_subnet01",
      "provider": "module.vpc.provider[\"registry.terraform.io/opentelekomcloud/opentelekomcloud\"]",
      "instances": [
        {
          "schema_version": 0,
          "attributes": {
            "availability_zone": "eu-de-01",
            "cidr": "10.0.3.0/24",
            "description": "",
            "dhcp_enable": true,
            "dns_list": [
              "100.125.4.25",
              "100.125.129.199"
            ],
            "gateway_ip": "10.0.3.1",
            "id": "5e87e154-2fd5-402e-add6-27cc519de746",
            "name": "dynatrce_public_subnet_az01",
            "network_id": "5e87e154-2fd5-402e-add6-27cc519de746",
            "ntp_addresses": null,
            "primary_dns": "100.125.4.25",
            "region": "eu-de",
            "secondary_dns": "100.125.129.199",
            "status": "ACTIVE",
            "subnet_id": "57dd2917-10bf-49e7-848b-00aa4ce3646e",
            "tags": null,
            "timeouts": null,
            "vpc_id": "e9e15659-8b31-49b3-a922-9871990bcfc8"
          },
          "sensitive_attributes": [],
          "private": "eyJlMmJmYjczMC1lY2FhLTExZTYtOGY4OC0zNDM2M2JjN2M0YzAiOnsiY3JlYXRlIjo2MDAwMDAwMDAwMDAsImRlbGV0ZSI6NjAwMDAwMDAwMDAwfX0=",
          "dependencies": [
            "module.vpc.opentelekomcloud_vpc_v1.vpc"
          ]
        }
      ]
    },
    {
      "module": "module.vpc",
      "mode": "managed",
      "type": "opentelekomcloud_vpc_subnet_v1",
      "name": "public_subnet02",
      "provider": "module.vpc.provider[\"registry.terraform.io/opentelekomcloud/opentelekomcloud\"]",
      "instances": [
        {
          "schema_version": 0,
          "attributes": {
            "availability_zone": "eu-de-02",
            "cidr": "10.0.4.0/24",
            "description": "",
            "dhcp_enable": true,
            "dns_list": [
              "100.125.4.25",
              "100.125.129.199"
            ],
            "gateway_ip": "10.0.4.1",
            "id": "d9312615-40ca-4466-8cb5-f62cc5dc2e5d",
            "name": "dynatrce_public_subnet_az02",
            "network_id": "d9312615-40ca-4466-8cb5-f62cc5dc2e5d",
            "ntp_addresses": null,
            "primary_dns": "100.125.4.25",
            "region": "eu-de",
            "secondary_dns": "100.125.129.199",
            "status": "ACTIVE",
            "subnet_id": "cc83a4ec-c9e2-495c-a15c-b3acdefb1602",
            "tags": null,
            "timeouts": null,
            "vpc_id": "e9e15659-8b31-49b3-a922-9871990bcfc8"
          },
          "sensitive_attributes": [],
          "private": "eyJlMmJmYjczMC1lY2FhLTExZTYtOGY4OC0zNDM2M2JjN2M0YzAiOnsiY3JlYXRlIjo2MDAwMDAwMDAwMDAsImRlbGV0ZSI6NjAwMDAwMDAwMDAwfX0=",
          "dependencies": [
            "module.vpc.opentelekomcloud_vpc_v1.vpc"
          ]
        }
      ]
    },
    {
      "module": "module.vpc",
      "mode": "managed",
      "type": "opentelekomcloud_vpc_subnet_v1",
      "name": "public_subnet03",
      "provider": "module.vpc.provider[\"registry.terraform.io/opentelekomcloud/opentelekomcloud\"]",
      "instances": [
        {
          "schema_version": 0,
          "attributes": {
            "availability_zone": "eu-de-03",
            "cidr": "10.0.5.0/24",
            "description": "",
            "dhcp_enable": true,
            "dns_list": [
              "100.125.4.25",
              "100.125.129.199"
            ],
            "gateway_ip": "10.0.5.1",
            "id": "fd559f72-fb06-4292-8695-a96aed789e56",
            "name": "dynatrce_public_subnet_az03",
            "network_id": "fd559f72-fb06-4292-8695-a96aed789e56",
            "ntp_addresses": null,
            "primary_dns": "100.125.4.25",
            "region": "eu-de",
            "secondary_dns": "100.125.129.199",
            "status": "ACTIVE",
            "subnet_id": "ac4d4110-0dfa-4e99-8f68-eb47de8da2a4",
            "tags": null,
            "timeouts": null,
            "vpc_id": "e9e15659-8b31-49b3-a922-9871990bcfc8"
          },
          "sensitive_attributes": [],
          "private": "eyJlMmJmYjczMC1lY2FhLTExZTYtOGY4OC0zNDM2M2JjN2M0YzAiOnsiY3JlYXRlIjo2MDAwMDAwMDAwMDAsImRlbGV0ZSI6NjAwMDAwMDAwMDAwfX0=",
          "dependencies": [
            "module.vpc.opentelekomcloud_vpc_v1.vpc"
          ]
        }
      ]
    },
    {
      "module": "module.vpc",
      "mode": "managed",
      "type": "opentelekomcloud_vpc_v1",
      "name": "vpc",
      "provider": "module.vpc.provider[\"registry.terraform.io/opentelekomcloud/opentelekomcloud\"]",
      "instances": [
        {
          "schema_version": 0,
          "attributes": {
            "cidr": "10.0.0.0/16",
            "description": "",
            "id": "e9e15659-8b31-49b3-a922-9871990bcfc8",
            "name": "dynatrce",
            "region": "eu-de",
            "shared": false,
            "status": "OK",
            "tags": null,
            "timeouts": null
          },
          "sensitive_attributes": [],
          "private": "eyJlMmJmYjczMC1lY2FhLTExZTYtOGY4OC0zNDM2M2JjN2M0YzAiOnsiY3JlYXRlIjo2MDAwMDAwMDAwMDAsImRlbGV0ZSI6MTgwMDAwMDAwMDAwfX0="
        }
      ]
    }
  ],
  "check_results": null
}
