{
  "version": 4,
  "terraform_version": "1.5.5",
  "serial": 99,
  "lineage": "4d11bb8f-ef1f-ca40-853a-3075ef358fc2",
  "outputs": {
    "vpc": {
      "value": "5285ce7e-2b40-431e-b5c3-3a804be5f0c8",
      "type": "string"
    }
  },
  "resources": [
    {
      "module": "module.jump_host",
      "mode": "data",
      "type": "opentelekomcloud_images_image_v2",
      "name": "ecs_vm_image",
      "provider": "module.jump_host.provider[\"registry.terraform.io/opentelekomcloud/opentelekomcloud\"]",
      "instances": [
        {
          "schema_version": 0,
          "attributes": {
            "checksum": "a1733c9887975ed17d6e4a3131f89ab8",
            "container_format": "bare",
            "created_at": "2023-09-19T11:33:24Z",
            "disk_format": "zvhd2",
            "file": "/v2/images/bb756476-49e6-4288-9773-60ceb47c7ea4/file",
            "id": "bb756476-49e6-4288-9773-60ceb47c7ea4",
            "image_type": null,
            "is_registered": null,
            "member_status": null,
            "metadata": null,
            "min_disk": null,
            "min_disk_gb": 6,
            "min_ram": null,
            "min_ram_mb": 1024,
            "most_recent": false,
            "name": "Standard_Ubuntu_20.04_latest",
            "name_regex": null,
            "os_bit": null,
            "os_type": "Linux",
            "owner": "7d32d95d93104a8fae3d60e9b611e52e",
            "platform": "Ubuntu",
            "protected": true,
            "region": null,
            "schema": "/v2/schemas/image",
            "size_bytes": 11,
            "size_max": null,
            "size_min": null,
            "sort_direction": "asc",
            "sort_key": null,
            "status": "active",
            "support_disk_intensive": null,
            "support_high_performance": null,
            "support_kvm": null,
            "support_kvm_gpu_type": null,
            "support_kvm_infiniband": null,
            "support_large_memory": null,
            "support_xen": null,
            "support_xen_gpu_type": null,
            "support_xen_hana": null,
            "system_cmk_id": null,
            "tag": null,
            "tags": [],
            "updated_at": "2023-09-19T11:33:46Z",
            "virtual_env_type": null,
            "visibility": "public",
            "whole_image": null
          },
          "sensitive_attributes": []
        }
      ]
    },
    {
      "module": "module.jump_host",
      "mode": "managed",
      "type": "opentelekomcloud_compute_instance_v2",
      "name": "jump_host",
      "provider": "module.jump_host.provider[\"registry.terraform.io/opentelekomcloud/opentelekomcloud\"]",
      "instances": [
        {
          "schema_version": 0,
          "attributes": {
            "access_ip_v4": "10.0.3.79",
            "access_ip_v6": "",
            "admin_pass": null,
            "all_metadata": {},
            "auto_recovery": true,
            "availability_zone": "eu-de-01",
            "block_device": [
              {
                "boot_index": 0,
                "delete_on_termination": true,
                "destination_type": "volume",
                "device_name": "",
                "guest_format": "",
                "source_type": "image",
                "uuid": "bb756476-49e6-4288-9773-60ceb47c7ea4",
                "volume_size": 6,
                "volume_type": ""
              }
            ],
            "config_drive": null,
            "encrypted_password": "",
            "flavor_id": "s3.medium.1",
            "flavor_name": "s3.medium.1",
            "id": "ea87d788-6fc0-45a9-bf08-23babe8fd87d",
            "image_id": "bb756476-49e6-4288-9773-60ceb47c7ea4",
            "image_name": "Not Found",
            "key_pair": "my-key",
            "metadata": null,
            "name": "dynatrce_jump_host_az01",
            "network": [
              {
                "access_network": false,
                "fixed_ip_v4": "10.0.3.79",
                "fixed_ip_v6": "",
                "mac": "fa:16:3e:cc:cf:1c",
                "name": "f93aade3-baf2-40e6-9555-c5a53622c803",
                "port": "b9c27c5c-3cb6-464b-a566-ba3e0bc77fa1",
                "uuid": "5285ce7e-2b40-431e-b5c3-3a804be5f0c8"
              }
            ],
            "password": null,
            "power_state": "active",
            "region": "eu-de",
            "scheduler_hints": [],
            "security_groups": [
              "dynatrce_jump_host_sg"
            ],
            "ssh_private_key_path": null,
            "stop_before_destroy": false,
            "tags": null,
            "timeouts": null,
            "user_data": "495788a4fb24a8eee14158c66c5b0114a3ae6ef2",
            "volume_attached": [
              {
                "id": "15e8b78a-7d3b-47b8-b1db-8a69bba7667d"
              }
            ]
          },
          "sensitive_attributes": [],
          "private": "eyJlMmJmYjczMC1lY2FhLTExZTYtOGY4OC0zNDM2M2JjN2M0YzAiOnsiY3JlYXRlIjoxODAwMDAwMDAwMDAwLCJkZWxldGUiOjE4MDAwMDAwMDAwMDAsInVwZGF0ZSI6MTgwMDAwMDAwMDAwMH19",
          "dependencies": [
            "module.jump_host.data.opentelekomcloud_images_image_v2.ecs_vm_image",
            "module.jump_host.opentelekomcloud_networking_secgroup_v2.jh_ssh_ecs_vm_sg",
            "module.vpc.opentelekomcloud_vpc_subnet_v1.public_subnet01",
            "module.vpc.opentelekomcloud_vpc_v1.vpc"
          ]
        }
      ]
    },
    {
      "module": "module.jump_host",
      "mode": "managed",
      "type": "opentelekomcloud_compute_keypair_v2",
      "name": "ecs_vm-keypair",
      "provider": "module.jump_host.provider[\"registry.terraform.io/opentelekomcloud/opentelekomcloud\"]",
      "instances": [
        {
          "schema_version": 0,
          "attributes": {
            "id": "my-key",
            "name": "my-key",
            "private_key": "",
            "public_key": "ssh-rsa AAAAB3NzaC1yc2EAAAADAQABAAACAQC6mWgfDrmnQjmACp+uQSeTakSoZIdtWPlEY22Q/ESypp4o11MWBLOIFJPSAXxrcTYIVo4BIOlZvsdDSzzjny9A7IsGHiOsCxYOnvopXOLVWa1jjcfRFj0gcFBce2eQlGEsCtG+PbUkoluTj1sJsTCzEALzoebjCp6totZtja9BxWGKHgNhUNI7XJ8QoE66QTL1StFgMAj9PBt/PxSNtB7rZJe17LXOMU6xXLv/Qn+ofOlpvS3ZmUT6IEUsUlUnA0NIEeVfpkzHqiFADBZYzG+fiN5CTwqcxlewBjvwOQES/121U2A/rAk24b7shZ5vMLxoAjGmohVTurQXF5nJNhOQ5GsRYnffVPTQkPUrxF2dQwv8QAYwXV62+0KZKJnIp3uiJHiJ+Nu9DFf+UUOzXe0vZU/V2rNAxXaXlPSwCdYyMf4NDOyrf4PyuXGAwFAj1fU5TPNE2woZO0ucOg4tHroX4I2zUZcc7hiMxgvD2fnXRPQKk36HfH72cPpsqbls2XgJh4/GrDSR4FeUo0zDpIm/EvWgqBqHNxIy8KAzAEGz8ErHWw2id7lPPiliJhnQrR6SlsyaaCWQVEN5EBIvuKe8KCVuqnGjAb2hZy6Lv139WQmLstjtbyIfmuCEj5jkXs0HZ3hcElXRtAtvstIMgcZALySWNDyFEF5JUObNZrLZPw== nitin.makwana@t-systems.com\n",
            "region": "eu-de",
            "shared": false,
            "value_specs": null
          },
          "sensitive_attributes": [],
          "private": "bnVsbA=="
        }
      ]
    },
    {
      "module": "module.jump_host",
      "mode": "managed",
      "type": "opentelekomcloud_networking_floatingip_associate_v2",
      "name": "jumphost_eip_association",
      "provider": "module.jump_host.provider[\"registry.terraform.io/opentelekomcloud/opentelekomcloud\"]",
      "instances": [
        {
          "schema_version": 0,
          "attributes": {
            "floating_ip": "80.158.58.84",
            "id": "92094d6c-2cc9-483a-8989-bfe6128bacdb",
            "port_id": "b9c27c5c-3cb6-464b-a566-ba3e0bc77fa1",
            "region": "eu-de"
          },
          "sensitive_attributes": [],
          "private": "bnVsbA==",
          "dependencies": [
            "module.jump_host.data.opentelekomcloud_images_image_v2.ecs_vm_image",
            "module.jump_host.opentelekomcloud_compute_instance_v2.jump_host",
            "module.jump_host.opentelekomcloud_networking_secgroup_v2.jh_ssh_ecs_vm_sg",
            "module.jump_host.opentelekomcloud_vpc_eip_v1.jumphost_eip",
            "module.vpc.opentelekomcloud_vpc_subnet_v1.public_subnet01",
            "module.vpc.opentelekomcloud_vpc_v1.vpc"
          ]
        }
      ]
    },
    {
      "module": "module.jump_host",
      "mode": "managed",
      "type": "opentelekomcloud_networking_secgroup_rule_v2",
      "name": "jh_ssh_ecs_vm_sg_in_rule",
      "provider": "module.jump_host.provider[\"registry.terraform.io/opentelekomcloud/opentelekomcloud\"]",
      "instances": [
        {
          "schema_version": 0,
          "attributes": {
            "description": "",
            "direction": "ingress",
            "ethertype": "IPv4",
            "id": "67d83fbd-fc4d-47b3-90b0-c4c8cb8a2165",
            "port_range_max": 22,
            "port_range_min": 22,
            "protocol": "tcp",
            "region": "eu-de",
            "remote_group_id": "",
            "remote_ip_prefix": "0.0.0.0/0",
            "security_group_id": "6f05bd92-c733-40e2-ba31-acd09d038476",
            "tenant_id": "9291d2882e5b4abf98a0a004b22c2437",
            "timeouts": null
          },
          "sensitive_attributes": [],
          "private": "eyJlMmJmYjczMC1lY2FhLTExZTYtOGY4OC0zNDM2M2JjN2M0YzAiOnsiZGVsZXRlIjo2MDAwMDAwMDAwMDB9fQ==",
          "dependencies": [
            "module.jump_host.opentelekomcloud_networking_secgroup_v2.jh_ssh_ecs_vm_sg"
          ]
        }
      ]
    },
    {
      "module": "module.jump_host",
      "mode": "managed",
      "type": "opentelekomcloud_networking_secgroup_rule_v2",
      "name": "jh_ssh_ecs_vm_sg_out_rule",
      "provider": "module.jump_host.provider[\"registry.terraform.io/opentelekomcloud/opentelekomcloud\"]",
      "instances": [
        {
          "schema_version": 0,
          "attributes": {
            "description": "",
            "direction": "egress",
            "ethertype": "IPv4",
            "id": "426c7b87-153b-423a-b51a-989e0ef79438",
            "port_range_max": 22,
            "port_range_min": 22,
            "protocol": "tcp",
            "region": "eu-de",
            "remote_group_id": "",
            "remote_ip_prefix": "0.0.0.0/0",
            "security_group_id": "6f05bd92-c733-40e2-ba31-acd09d038476",
            "tenant_id": "9291d2882e5b4abf98a0a004b22c2437",
            "timeouts": null
          },
          "sensitive_attributes": [],
          "private": "eyJlMmJmYjczMC1lY2FhLTExZTYtOGY4OC0zNDM2M2JjN2M0YzAiOnsiZGVsZXRlIjo2MDAwMDAwMDAwMDB9fQ==",
          "dependencies": [
            "module.jump_host.opentelekomcloud_networking_secgroup_v2.jh_ssh_ecs_vm_sg"
          ]
        }
      ]
    },
    {
      "module": "module.jump_host",
      "mode": "managed",
      "type": "opentelekomcloud_networking_secgroup_v2",
      "name": "jh_ssh_ecs_vm_sg",
      "provider": "module.jump_host.provider[\"registry.terraform.io/opentelekomcloud/opentelekomcloud\"]",
      "instances": [
        {
          "schema_version": 0,
          "attributes": {
            "delete_default_rules": null,
            "description": "SSH Access to the ecs_vm",
            "id": "6f05bd92-c733-40e2-ba31-acd09d038476",
            "name": "dynatrce_jump_host_sg",
            "region": "eu-de",
            "tenant_id": "9291d2882e5b4abf98a0a004b22c2437",
            "timeouts": null
          },
          "sensitive_attributes": [],
          "private": "eyJlMmJmYjczMC1lY2FhLTExZTYtOGY4OC0zNDM2M2JjN2M0YzAiOnsiZGVsZXRlIjo2MDAwMDAwMDAwMDB9fQ=="
        }
      ]
    },
    {
      "module": "module.jump_host",
      "mode": "managed",
      "type": "opentelekomcloud_vpc_eip_v1",
      "name": "jumphost_eip",
      "provider": "module.jump_host.provider[\"registry.terraform.io/opentelekomcloud/opentelekomcloud\"]",
      "instances": [
        {
          "schema_version": 0,
          "attributes": {
            "bandwidth": [
              {
                "charge_mode": "traffic",
                "name": "dynatrce_jh_eip_az01",
                "share_type": "PER",
                "size": 1
              }
            ],
            "id": "92094d6c-2cc9-483a-8989-bfe6128bacdb",
            "publicip": [
              {
                "ip_address": "80.158.58.84",
                "port_id": "",
                "type": "5_bgp"
              }
            ],
            "region": "eu-de",
            "tags": null,
            "timeouts": null,
            "unbind_port": null,
            "value_specs": null
          },
          "sensitive_attributes": [],
          "private": "eyJlMmJmYjczMC1lY2FhLTExZTYtOGY4OC0zNDM2M2JjN2M0YzAiOnsiY3JlYXRlIjo2MDAwMDAwMDAwMDAsImRlbGV0ZSI6NjAwMDAwMDAwMDAwfX0="
        }
      ]
    },
    {
      "module": "module.vpc",
      "mode": "managed",
      "type": "opentelekomcloud_vpc_subnet_v1",
      "name": "private_subnet01",
      "provider": "module.vpc.provider[\"registry.terraform.io/opentelekomcloud/opentelekomcloud\"]",
      "instances": [
        {
          "schema_version": 0,
          "attributes": {
            "availability_zone": "eu-de-01",
            "cidr": "10.0.0.0/24",
            "description": "",
            "dhcp_enable": true,
            "dns_list": [
              "100.125.4.25",
              "100.125.129.199"
            ],
            "gateway_ip": "10.0.0.1",
            "id": "46ac1b4b-882b-4766-8459-02ab9c5e5e40",
            "name": "dynatrce_private_subnet_az01",
            "network_id": "46ac1b4b-882b-4766-8459-02ab9c5e5e40",
            "ntp_addresses": null,
            "primary_dns": "100.125.4.25",
            "region": "eu-de",
            "secondary_dns": "100.125.129.199",
            "status": "ACTIVE",
            "subnet_id": "fc9f1b0f-4def-423f-939c-83ce62b897e8",
            "tags": null,
            "timeouts": null,
            "vpc_id": "f93aade3-baf2-40e6-9555-c5a53622c803"
          },
          "sensitive_attributes": [],
          "private": "eyJlMmJmYjczMC1lY2FhLTExZTYtOGY4OC0zNDM2M2JjN2M0YzAiOnsiY3JlYXRlIjo2MDAwMDAwMDAwMDAsImRlbGV0ZSI6NjAwMDAwMDAwMDAwfX0=",
          "dependencies": [
            "module.vpc.opentelekomcloud_vpc_v1.vpc"
          ]
        }
      ]
    },
    {
      "module": "module.vpc",
      "mode": "managed",
      "type": "opentelekomcloud_vpc_subnet_v1",
      "name": "private_subnet02",
      "provider": "module.vpc.provider[\"registry.terraform.io/opentelekomcloud/opentelekomcloud\"]",
      "instances": [
        {
          "schema_version": 0,
          "attributes": {
            "availability_zone": "eu-de-02",
            "cidr": "10.0.1.0/24",
            "description": "",
            "dhcp_enable": true,
            "dns_list": [
              "100.125.4.25",
              "100.125.129.199"
            ],
            "gateway_ip": "10.0.1.1",
            "id": "f0e457c4-b344-4906-a449-fc68b61dcc8a",
            "name": "dynatrce_private_subnet_az02",
            "network_id": "f0e457c4-b344-4906-a449-fc68b61dcc8a",
            "ntp_addresses": null,
            "primary_dns": "100.125.4.25",
            "region": "eu-de",
            "secondary_dns": "100.125.129.199",
            "status": "ACTIVE",
            "subnet_id": "74036b46-d8db-4bf9-9982-34e50234e3fb",
            "tags": null,
            "timeouts": null,
            "vpc_id": "f93aade3-baf2-40e6-9555-c5a53622c803"
          },
          "sensitive_attributes": [],
          "private": "eyJlMmJmYjczMC1lY2FhLTExZTYtOGY4OC0zNDM2M2JjN2M0YzAiOnsiY3JlYXRlIjo2MDAwMDAwMDAwMDAsImRlbGV0ZSI6NjAwMDAwMDAwMDAwfX0=",
          "dependencies": [
            "module.vpc.opentelekomcloud_vpc_v1.vpc"
          ]
        }
      ]
    },
    {
      "module": "module.vpc",
      "mode": "managed",
      "type": "opentelekomcloud_vpc_subnet_v1",
      "name": "private_subnet03",
      "provider": "module.vpc.provider[\"registry.terraform.io/opentelekomcloud/opentelekomcloud\"]",
      "instances": [
        {
          "schema_version": 0,
          "attributes": {
            "availability_zone": "eu-de-03",
            "cidr": "10.0.2.0/24",
            "description": "",
            "dhcp_enable": true,
            "dns_list": [
              "100.125.4.25",
              "100.125.129.199"
            ],
            "gateway_ip": "10.0.2.1",
            "id": "dd21f0c5-f20d-4a0d-ab8e-efc938735e78",
            "name": "dynatrce_private_subnet_az03",
            "network_id": "dd21f0c5-f20d-4a0d-ab8e-efc938735e78",
            "ntp_addresses": null,
            "primary_dns": "100.125.4.25",
            "region": "eu-de",
            "secondary_dns": "100.125.129.199",
            "status": "ACTIVE",
            "subnet_id": "d9643ee8-4bbb-4a67-a3f9-ef02bfcc5628",
            "tags": null,
            "timeouts": null,
            "vpc_id": "f93aade3-baf2-40e6-9555-c5a53622c803"
          },
          "sensitive_attributes": [],
          "private": "eyJlMmJmYjczMC1lY2FhLTExZTYtOGY4OC0zNDM2M2JjN2M0YzAiOnsiY3JlYXRlIjo2MDAwMDAwMDAwMDAsImRlbGV0ZSI6NjAwMDAwMDAwMDAwfX0=",
          "dependencies": [
            "module.vpc.opentelekomcloud_vpc_v1.vpc"
          ]
        }
      ]
    },
    {
      "module": "module.vpc",
      "mode": "managed",
      "type": "opentelekomcloud_vpc_subnet_v1",
      "name": "public_subnet01",
      "provider": "module.vpc.provider[\"registry.terraform.io/opentelekomcloud/opentelekomcloud\"]",
      "instances": [
        {
          "schema_version": 0,
          "attributes": {
            "availability_zone": "eu-de-01",
            "cidr": "10.0.3.0/24",
            "description": "",
            "dhcp_enable": true,
            "dns_list": [
              "100.125.4.25",
              "100.125.129.199"
            ],
            "gateway_ip": "10.0.3.1",
            "id": "5285ce7e-2b40-431e-b5c3-3a804be5f0c8",
            "name": "dynatrce_public_subnet_az01",
            "network_id": "5285ce7e-2b40-431e-b5c3-3a804be5f0c8",
            "ntp_addresses": null,
            "primary_dns": "100.125.4.25",
            "region": "eu-de",
            "secondary_dns": "100.125.129.199",
            "status": "ACTIVE",
            "subnet_id": "bac4a1b9-afcf-4976-900c-0a16f7a76bfc",
            "tags": null,
            "timeouts": null,
            "vpc_id": "f93aade3-baf2-40e6-9555-c5a53622c803"
          },
          "sensitive_attributes": [],
          "private": "eyJlMmJmYjczMC1lY2FhLTExZTYtOGY4OC0zNDM2M2JjN2M0YzAiOnsiY3JlYXRlIjo2MDAwMDAwMDAwMDAsImRlbGV0ZSI6NjAwMDAwMDAwMDAwfX0=",
          "dependencies": [
            "module.vpc.opentelekomcloud_vpc_v1.vpc"
          ]
        }
      ]
    },
    {
      "module": "module.vpc",
      "mode": "managed",
      "type": "opentelekomcloud_vpc_subnet_v1",
      "name": "public_subnet02",
      "provider": "module.vpc.provider[\"registry.terraform.io/opentelekomcloud/opentelekomcloud\"]",
      "instances": [
        {
          "schema_version": 0,
          "attributes": {
            "availability_zone": "eu-de-02",
            "cidr": "10.0.4.0/24",
            "description": "",
            "dhcp_enable": true,
            "dns_list": [
              "100.125.4.25",
              "100.125.129.199"
            ],
            "gateway_ip": "10.0.4.1",
            "id": "fc5b0c2d-1aba-4272-b8be-fead19745ccb",
            "name": "dynatrce_public_subnet_az02",
            "network_id": "fc5b0c2d-1aba-4272-b8be-fead19745ccb",
            "ntp_addresses": null,
            "primary_dns": "100.125.4.25",
            "region": "eu-de",
            "secondary_dns": "100.125.129.199",
            "status": "ACTIVE",
            "subnet_id": "51d605f6-6698-4d1a-8b7e-3adbdcbbdab0",
            "tags": null,
            "timeouts": null,
            "vpc_id": "f93aade3-baf2-40e6-9555-c5a53622c803"
          },
          "sensitive_attributes": [],
          "private": "eyJlMmJmYjczMC1lY2FhLTExZTYtOGY4OC0zNDM2M2JjN2M0YzAiOnsiY3JlYXRlIjo2MDAwMDAwMDAwMDAsImRlbGV0ZSI6NjAwMDAwMDAwMDAwfX0=",
          "dependencies": [
            "module.vpc.opentelekomcloud_vpc_v1.vpc"
          ]
        }
      ]
    },
    {
      "module": "module.vpc",
      "mode": "managed",
      "type": "opentelekomcloud_vpc_subnet_v1",
      "name": "public_subnet03",
      "provider": "module.vpc.provider[\"registry.terraform.io/opentelekomcloud/opentelekomcloud\"]",
      "instances": [
        {
          "schema_version": 0,
          "attributes": {
            "availability_zone": "eu-de-03",
            "cidr": "10.0.5.0/24",
            "description": "",
            "dhcp_enable": true,
            "dns_list": [
              "100.125.4.25",
              "100.125.129.199"
            ],
            "gateway_ip": "10.0.5.1",
            "id": "a465eecf-e3cc-408b-af59-b4c2ce6633c8",
            "name": "dynatrce_public_subnet_az03",
            "network_id": "a465eecf-e3cc-408b-af59-b4c2ce6633c8",
            "ntp_addresses": null,
            "primary_dns": "100.125.4.25",
            "region": "eu-de",
            "secondary_dns": "100.125.129.199",
            "status": "ACTIVE",
            "subnet_id": "8047c934-69c2-4964-aa7a-628cbacb0589",
            "tags": null,
            "timeouts": null,
            "vpc_id": "f93aade3-baf2-40e6-9555-c5a53622c803"
          },
          "sensitive_attributes": [],
          "private": "eyJlMmJmYjczMC1lY2FhLTExZTYtOGY4OC0zNDM2M2JjN2M0YzAiOnsiY3JlYXRlIjo2MDAwMDAwMDAwMDAsImRlbGV0ZSI6NjAwMDAwMDAwMDAwfX0=",
          "dependencies": [
            "module.vpc.opentelekomcloud_vpc_v1.vpc"
          ]
        }
      ]
    },
    {
      "module": "module.vpc",
      "mode": "managed",
      "type": "opentelekomcloud_vpc_v1",
      "name": "vpc",
      "provider": "module.vpc.provider[\"registry.terraform.io/opentelekomcloud/opentelekomcloud\"]",
      "instances": [
        {
          "schema_version": 0,
          "attributes": {
            "cidr": "10.0.0.0/16",
            "description": "",
            "id": "f93aade3-baf2-40e6-9555-c5a53622c803",
            "name": "dynatrce",
            "region": "eu-de",
            "shared": false,
            "status": "OK",
            "tags": null,
            "timeouts": null
          },
          "sensitive_attributes": [],
          "private": "eyJlMmJmYjczMC1lY2FhLTExZTYtOGY4OC0zNDM2M2JjN2M0YzAiOnsiY3JlYXRlIjo2MDAwMDAwMDAwMDAsImRlbGV0ZSI6MTgwMDAwMDAwMDAwfX0="
        }
      ]
    }
  ],
  "check_results": null
}
