{
  "version": 4,
  "terraform_version": "1.5.5",
  "serial": 257,
  "lineage": "4d11bb8f-ef1f-ca40-853a-3075ef358fc2",
  "outputs": {
    "vpc": {
      "value": "f5d18ead-c6aa-497b-a010-239389483d8e",
      "type": "string"
    }
  },
  "resources": [
    {
      "module": "module.dynatrace_node1",
      "mode": "data",
      "type": "opentelekomcloud_images_image_v2",
      "name": "ecs_vm_image",
      "provider": "module.dynatrace_node1.provider[\"registry.terraform.io/opentelekomcloud/opentelekomcloud\"]",
      "instances": [
        {
          "schema_version": 0,
          "attributes": {
            "checksum": "a1733c9887975ed17d6e4a3131f89ab8",
            "container_format": "bare",
            "created_at": "2023-09-19T11:33:24Z",
            "disk_format": "zvhd2",
            "file": "/v2/images/bb756476-49e6-4288-9773-60ceb47c7ea4/file",
            "id": "bb756476-49e6-4288-9773-60ceb47c7ea4",
            "image_type": null,
            "is_registered": null,
            "member_status": null,
            "metadata": null,
            "min_disk": null,
            "min_disk_gb": 6,
            "min_ram": null,
            "min_ram_mb": 1024,
            "most_recent": false,
            "name": "Standard_Ubuntu_20.04_latest",
            "name_regex": null,
            "os_bit": null,
            "os_type": "Linux",
            "owner": "7d32d95d93104a8fae3d60e9b611e52e",
            "platform": "Ubuntu",
            "protected": true,
            "region": null,
            "schema": "/v2/schemas/image",
            "size_bytes": 11,
            "size_max": null,
            "size_min": null,
            "sort_direction": "asc",
            "sort_key": null,
            "status": "active",
            "support_disk_intensive": null,
            "support_high_performance": null,
            "support_kvm": null,
            "support_kvm_gpu_type": null,
            "support_kvm_infiniband": null,
            "support_large_memory": null,
            "support_xen": null,
            "support_xen_gpu_type": null,
            "support_xen_hana": null,
            "system_cmk_id": null,
            "tag": null,
            "tags": [],
            "updated_at": "2023-09-19T11:33:46Z",
            "virtual_env_type": null,
            "visibility": "public",
            "whole_image": null
          },
          "sensitive_attributes": []
        }
      ]
    },
    {
      "module": "module.dynatrace_node1",
      "mode": "managed",
      "type": "opentelekomcloud_compute_instance_v2",
      "name": "dynatrace_node1",
      "provider": "module.dynatrace_node1.provider[\"registry.terraform.io/opentelekomcloud/opentelekomcloud\"]",
      "instances": [
        {
          "schema_version": 0,
          "attributes": {
            "access_ip_v4": "10.0.0.189",
            "access_ip_v6": "",
            "admin_pass": null,
            "all_metadata": {},
            "auto_recovery": true,
            "availability_zone": "eu-de-01",
            "block_device": [
              {
                "boot_index": 0,
                "delete_on_termination": true,
                "destination_type": "volume",
                "device_name": "",
                "guest_format": "",
                "source_type": "image",
                "uuid": "bb756476-49e6-4288-9773-60ceb47c7ea4",
                "volume_size": 6,
                "volume_type": ""
              }
            ],
            "config_drive": null,
            "encrypted_password": "",
            "flavor_id": "s3.medium.1",
            "flavor_name": "s3.medium.1",
            "id": "533102ca-5ba3-4572-a8d2-727b2b87e535",
            "image_id": "bb756476-49e6-4288-9773-60ceb47c7ea4",
            "image_name": "Not Found",
            "key_pair": "my-key",
            "metadata": null,
            "name": "dynatrce_node_az01",
            "network": [
              {
                "access_network": false,
                "fixed_ip_v4": "10.0.0.189",
                "fixed_ip_v6": "",
                "mac": "fa:16:3e:67:67:25",
                "name": "787d22ac-c8a6-433b-aa58-ad0b88f8d320",
                "port": "c43c9bbf-3d6d-4b02-a3a0-6b8ff3848f70",
                "uuid": "887a061e-ea08-4b5a-be11-3f3f3e0e769e"
              }
            ],
            "password": null,
            "power_state": "active",
            "region": "eu-de",
            "scheduler_hints": [],
            "security_groups": [
              "4b5c5d80-62a2-40b9-805c-44833e831e86"
            ],
            "ssh_private_key_path": null,
            "stop_before_destroy": false,
            "tags": {},
            "timeouts": null,
            "user_data": "495788a4fb24a8eee14158c66c5b0114a3ae6ef2",
            "volume_attached": [
              {
                "id": "aee57124-6d4b-46bd-a9a5-fad58589ae73"
              }
            ]
          },
          "sensitive_attributes": [],
          "private": "eyJlMmJmYjczMC1lY2FhLTExZTYtOGY4OC0zNDM2M2JjN2M0YzAiOnsiY3JlYXRlIjoxODAwMDAwMDAwMDAwLCJkZWxldGUiOjE4MDAwMDAwMDAwMDAsInVwZGF0ZSI6MTgwMDAwMDAwMDAwMH19",
          "dependencies": [
            "module.dynatrace_node1.data.opentelekomcloud_images_image_v2.ecs_vm_image",
            "module.dynatrace_node1.opentelekomcloud_networking_secgroup_v2.dynatrce_node_ssh_ecs_vm_sg",
            "module.vpc.opentelekomcloud_vpc_subnet_v1.private_subnet01"
          ]
        }
      ]
    },
    {
      "module": "module.dynatrace_node1",
      "mode": "managed",
      "type": "opentelekomcloud_networking_secgroup_rule_v2",
      "name": "dynatrace_ssh_ecs_vm_sg_in_rule",
      "provider": "module.dynatrace_node1.provider[\"registry.terraform.io/opentelekomcloud/opentelekomcloud\"]",
      "instances": [
        {
          "schema_version": 0,
          "attributes": {
            "description": "",
            "direction": "ingress",
            "ethertype": "IPv4",
            "id": "ccc14450-fc3a-419e-88e1-8564c3b52d56",
            "port_range_max": 22,
            "port_range_min": 22,
            "protocol": "tcp",
            "region": "eu-de",
            "remote_group_id": "",
            "remote_ip_prefix": "0.0.0.0/0",
            "security_group_id": "4b5c5d80-62a2-40b9-805c-44833e831e86",
            "tenant_id": "9291d2882e5b4abf98a0a004b22c2437",
            "timeouts": null
          },
          "sensitive_attributes": [],
          "private": "eyJlMmJmYjczMC1lY2FhLTExZTYtOGY4OC0zNDM2M2JjN2M0YzAiOnsiZGVsZXRlIjo2MDAwMDAwMDAwMDB9fQ==",
          "dependencies": [
            "module.dynatrace_node1.opentelekomcloud_networking_secgroup_v2.dynatrce_node_ssh_ecs_vm_sg"
          ]
        }
      ]
    },
    {
      "module": "module.dynatrace_node1",
      "mode": "managed",
      "type": "opentelekomcloud_networking_secgroup_rule_v2",
      "name": "dynatrace_ssh_ecs_vm_sg_out_rule",
      "provider": "module.dynatrace_node1.provider[\"registry.terraform.io/opentelekomcloud/opentelekomcloud\"]",
      "instances": [
        {
          "schema_version": 0,
          "attributes": {
            "description": "",
            "direction": "egress",
            "ethertype": "IPv4",
            "id": "8845dbb2-1ab7-4b11-9500-f6841af6d5ef",
            "port_range_max": 22,
            "port_range_min": 22,
            "protocol": "tcp",
            "region": "eu-de",
            "remote_group_id": "",
            "remote_ip_prefix": "0.0.0.0/0",
            "security_group_id": "4b5c5d80-62a2-40b9-805c-44833e831e86",
            "tenant_id": "9291d2882e5b4abf98a0a004b22c2437",
            "timeouts": null
          },
          "sensitive_attributes": [],
          "private": "eyJlMmJmYjczMC1lY2FhLTExZTYtOGY4OC0zNDM2M2JjN2M0YzAiOnsiZGVsZXRlIjo2MDAwMDAwMDAwMDB9fQ==",
          "dependencies": [
            "module.dynatrace_node1.opentelekomcloud_networking_secgroup_v2.dynatrce_node_ssh_ecs_vm_sg"
          ]
        }
      ]
    },
    {
      "module": "module.dynatrace_node1",
      "mode": "managed",
      "type": "opentelekomcloud_networking_secgroup_v2",
      "name": "dynatrce_node_ssh_ecs_vm_sg",
      "provider": "module.dynatrace_node1.provider[\"registry.terraform.io/opentelekomcloud/opentelekomcloud\"]",
      "instances": [
        {
          "schema_version": 0,
          "attributes": {
            "delete_default_rules": null,
            "description": "SSH Access to the dynatrce vms",
            "id": "4b5c5d80-62a2-40b9-805c-44833e831e86",
            "name": "dynatrce_node_sg",
            "region": "eu-de",
            "tenant_id": "9291d2882e5b4abf98a0a004b22c2437",
            "timeouts": null
          },
          "sensitive_attributes": [],
          "private": "eyJlMmJmYjczMC1lY2FhLTExZTYtOGY4OC0zNDM2M2JjN2M0YzAiOnsiZGVsZXRlIjo2MDAwMDAwMDAwMDB9fQ=="
        }
      ]
    },
    {
      "module": "module.jump_host",
      "mode": "data",
      "type": "opentelekomcloud_images_image_v2",
      "name": "ecs_vm_image",
      "provider": "module.jump_host.provider[\"registry.terraform.io/opentelekomcloud/opentelekomcloud\"]",
      "instances": [
        {
          "schema_version": 0,
          "attributes": {
            "checksum": "a1733c9887975ed17d6e4a3131f89ab8",
            "container_format": "bare",
            "created_at": "2023-09-19T11:33:24Z",
            "disk_format": "zvhd2",
            "file": "/v2/images/bb756476-49e6-4288-9773-60ceb47c7ea4/file",
            "id": "bb756476-49e6-4288-9773-60ceb47c7ea4",
            "image_type": null,
            "is_registered": null,
            "member_status": null,
            "metadata": null,
            "min_disk": null,
            "min_disk_gb": 6,
            "min_ram": null,
            "min_ram_mb": 1024,
            "most_recent": false,
            "name": "Standard_Ubuntu_20.04_latest",
            "name_regex": null,
            "os_bit": null,
            "os_type": "Linux",
            "owner": "7d32d95d93104a8fae3d60e9b611e52e",
            "platform": "Ubuntu",
            "protected": true,
            "region": null,
            "schema": "/v2/schemas/image",
            "size_bytes": 11,
            "size_max": null,
            "size_min": null,
            "sort_direction": "asc",
            "sort_key": null,
            "status": "active",
            "support_disk_intensive": null,
            "support_high_performance": null,
            "support_kvm": null,
            "support_kvm_gpu_type": null,
            "support_kvm_infiniband": null,
            "support_large_memory": null,
            "support_xen": null,
            "support_xen_gpu_type": null,
            "support_xen_hana": null,
            "system_cmk_id": null,
            "tag": null,
            "tags": [],
            "updated_at": "2023-09-19T11:33:46Z",
            "virtual_env_type": null,
            "visibility": "public",
            "whole_image": null
          },
          "sensitive_attributes": []
        }
      ]
    },
    {
      "module": "module.jump_host",
      "mode": "managed",
      "type": "opentelekomcloud_compute_instance_v2",
      "name": "jump_host",
      "provider": "module.jump_host.provider[\"registry.terraform.io/opentelekomcloud/opentelekomcloud\"]",
      "instances": [
        {
          "schema_version": 0,
          "attributes": {
            "access_ip_v4": "10.0.3.134",
            "access_ip_v6": "",
            "admin_pass": null,
            "all_metadata": {},
            "auto_recovery": true,
            "availability_zone": "eu-de-01",
            "block_device": [
              {
                "boot_index": 0,
                "delete_on_termination": true,
                "destination_type": "volume",
                "device_name": "",
                "guest_format": "",
                "source_type": "image",
                "uuid": "bb756476-49e6-4288-9773-60ceb47c7ea4",
                "volume_size": 6,
                "volume_type": ""
              }
            ],
            "config_drive": null,
            "encrypted_password": "",
            "flavor_id": "s3.medium.1",
            "flavor_name": "s3.medium.1",
            "id": "57890d0f-985d-4183-8cab-17a1b1106fc2",
            "image_id": "bb756476-49e6-4288-9773-60ceb47c7ea4",
            "image_name": "Not Found",
            "key_pair": "my-key",
            "metadata": null,
            "name": "dynatrce_jump_host_az01",
            "network": [
              {
                "access_network": false,
                "fixed_ip_v4": "10.0.3.134",
                "fixed_ip_v6": "",
                "mac": "fa:16:3e:64:67:ea",
                "name": "787d22ac-c8a6-433b-aa58-ad0b88f8d320",
                "port": "4454f414-0a9d-41e7-833f-1080e9d6cd0c",
                "uuid": "f5d18ead-c6aa-497b-a010-239389483d8e"
              }
            ],
            "password": null,
            "power_state": "active",
            "region": "eu-de",
            "scheduler_hints": [],
            "security_groups": [
              "1cc73eb8-9810-439c-b873-0163eefa80c2"
            ],
            "ssh_private_key_path": null,
            "stop_before_destroy": false,
            "tags": {},
            "timeouts": null,
            "user_data": "495788a4fb24a8eee14158c66c5b0114a3ae6ef2",
            "volume_attached": [
              {
                "id": "c0c2951a-2e4a-44fa-9235-9ac25b0704f9"
              }
            ]
          },
          "sensitive_attributes": [],
          "private": "eyJlMmJmYjczMC1lY2FhLTExZTYtOGY4OC0zNDM2M2JjN2M0YzAiOnsiY3JlYXRlIjoxODAwMDAwMDAwMDAwLCJkZWxldGUiOjE4MDAwMDAwMDAwMDAsInVwZGF0ZSI6MTgwMDAwMDAwMDAwMH19",
          "dependencies": [
            "module.jump_host.data.opentelekomcloud_images_image_v2.ecs_vm_image",
            "module.jump_host.opentelekomcloud_networking_secgroup_v2.jh_ssh_ecs_vm_sg",
            "module.vpc.opentelekomcloud_vpc_subnet_v1.public_subnet01"
          ]
        }
      ]
    },
    {
      "module": "module.jump_host",
      "mode": "managed",
      "type": "opentelekomcloud_compute_keypair_v2",
      "name": "ecs_vm-keypair",
      "provider": "module.jump_host.provider[\"registry.terraform.io/opentelekomcloud/opentelekomcloud\"]",
      "instances": [
        {
          "schema_version": 0,
          "attributes": {
            "id": "my-key",
            "name": "my-key",
            "private_key": "",
            "public_key": "ssh-rsa AAAAB3NzaC1yc2EAAAADAQABAAACAQC6mWgfDrmnQjmACp+uQSeTakSoZIdtWPlEY22Q/ESypp4o11MWBLOIFJPSAXxrcTYIVo4BIOlZvsdDSzzjny9A7IsGHiOsCxYOnvopXOLVWa1jjcfRFj0gcFBce2eQlGEsCtG+PbUkoluTj1sJsTCzEALzoebjCp6totZtja9BxWGKHgNhUNI7XJ8QoE66QTL1StFgMAj9PBt/PxSNtB7rZJe17LXOMU6xXLv/Qn+ofOlpvS3ZmUT6IEUsUlUnA0NIEeVfpkzHqiFADBZYzG+fiN5CTwqcxlewBjvwOQES/121U2A/rAk24b7shZ5vMLxoAjGmohVTurQXF5nJNhOQ5GsRYnffVPTQkPUrxF2dQwv8QAYwXV62+0KZKJnIp3uiJHiJ+Nu9DFf+UUOzXe0vZU/V2rNAxXaXlPSwCdYyMf4NDOyrf4PyuXGAwFAj1fU5TPNE2woZO0ucOg4tHroX4I2zUZcc7hiMxgvD2fnXRPQKk36HfH72cPpsqbls2XgJh4/GrDSR4FeUo0zDpIm/EvWgqBqHNxIy8KAzAEGz8ErHWw2id7lPPiliJhnQrR6SlsyaaCWQVEN5EBIvuKe8KCVuqnGjAb2hZy6Lv139WQmLstjtbyIfmuCEj5jkXs0HZ3hcElXRtAtvstIMgcZALySWNDyFEF5JUObNZrLZPw== nitin.makwana@t-systems.com\n",
            "region": "eu-de",
            "shared": false,
            "value_specs": null
          },
          "sensitive_attributes": [],
          "private": "bnVsbA=="
        }
      ]
    },
    {
      "module": "module.jump_host",
      "mode": "managed",
      "type": "opentelekomcloud_networking_floatingip_associate_v2",
      "name": "jumphost_eip_association",
      "provider": "module.jump_host.provider[\"registry.terraform.io/opentelekomcloud/opentelekomcloud\"]",
      "instances": [
        {
          "schema_version": 0,
          "attributes": {
            "floating_ip": "80.158.47.48",
            "id": "57b7fb2f-95fa-4cfe-976c-a05e5183b34c",
            "port_id": "4454f414-0a9d-41e7-833f-1080e9d6cd0c",
            "region": "eu-de"
          },
          "sensitive_attributes": [],
          "private": "bnVsbA==",
          "dependencies": [
            "module.jump_host.data.opentelekomcloud_images_image_v2.ecs_vm_image",
            "module.jump_host.opentelekomcloud_compute_instance_v2.jump_host",
            "module.jump_host.opentelekomcloud_networking_secgroup_v2.jh_ssh_ecs_vm_sg",
            "module.jump_host.opentelekomcloud_vpc_eip_v1.jumphost_eip",
            "module.vpc.opentelekomcloud_vpc_subnet_v1.public_subnet01",
            "module.vpc.opentelekomcloud_vpc_v1.vpc"
          ]
        }
      ]
    },
    {
      "module": "module.jump_host",
      "mode": "managed",
      "type": "opentelekomcloud_networking_secgroup_rule_v2",
      "name": "jh_ssh_ecs_vm_sg_in_rule",
      "provider": "module.jump_host.provider[\"registry.terraform.io/opentelekomcloud/opentelekomcloud\"]",
      "instances": [
        {
          "schema_version": 0,
          "attributes": {
            "description": "",
            "direction": "ingress",
            "ethertype": "IPv4",
            "id": "f931b4e4-9668-4e8e-9589-d79647ccdcc2",
            "port_range_max": 22,
            "port_range_min": 22,
            "protocol": "tcp",
            "region": "eu-de",
            "remote_group_id": "",
            "remote_ip_prefix": "0.0.0.0/0",
            "security_group_id": "1cc73eb8-9810-439c-b873-0163eefa80c2",
            "tenant_id": "9291d2882e5b4abf98a0a004b22c2437",
            "timeouts": null
          },
          "sensitive_attributes": [],
          "private": "eyJlMmJmYjczMC1lY2FhLTExZTYtOGY4OC0zNDM2M2JjN2M0YzAiOnsiZGVsZXRlIjo2MDAwMDAwMDAwMDB9fQ==",
          "dependencies": [
            "module.jump_host.opentelekomcloud_networking_secgroup_v2.jh_ssh_ecs_vm_sg"
          ]
        }
      ]
    },
    {
      "module": "module.jump_host",
      "mode": "managed",
      "type": "opentelekomcloud_networking_secgroup_rule_v2",
      "name": "jh_ssh_ecs_vm_sg_out_rule",
      "provider": "module.jump_host.provider[\"registry.terraform.io/opentelekomcloud/opentelekomcloud\"]",
      "instances": [
        {
          "schema_version": 0,
          "attributes": {
            "description": "",
            "direction": "egress",
            "ethertype": "IPv4",
            "id": "a0c08d20-6437-4811-9cbb-d2060bef2ba0",
            "port_range_max": 22,
            "port_range_min": 22,
            "protocol": "tcp",
            "region": "eu-de",
            "remote_group_id": "",
            "remote_ip_prefix": "0.0.0.0/0",
            "security_group_id": "1cc73eb8-9810-439c-b873-0163eefa80c2",
            "tenant_id": "9291d2882e5b4abf98a0a004b22c2437",
            "timeouts": null
          },
          "sensitive_attributes": [],
          "private": "eyJlMmJmYjczMC1lY2FhLTExZTYtOGY4OC0zNDM2M2JjN2M0YzAiOnsiZGVsZXRlIjo2MDAwMDAwMDAwMDB9fQ==",
          "dependencies": [
            "module.jump_host.opentelekomcloud_networking_secgroup_v2.jh_ssh_ecs_vm_sg"
          ]
        }
      ]
    },
    {
      "module": "module.jump_host",
      "mode": "managed",
      "type": "opentelekomcloud_networking_secgroup_v2",
      "name": "jh_ssh_ecs_vm_sg",
      "provider": "module.jump_host.provider[\"registry.terraform.io/opentelekomcloud/opentelekomcloud\"]",
      "instances": [
        {
          "schema_version": 0,
          "attributes": {
            "delete_default_rules": null,
            "description": "SSH Access to the ecs_vm",
            "id": "1cc73eb8-9810-439c-b873-0163eefa80c2",
            "name": "dynatrce_jump_host_sg",
            "region": "eu-de",
            "tenant_id": "9291d2882e5b4abf98a0a004b22c2437",
            "timeouts": null
          },
          "sensitive_attributes": [],
          "private": "eyJlMmJmYjczMC1lY2FhLTExZTYtOGY4OC0zNDM2M2JjN2M0YzAiOnsiZGVsZXRlIjo2MDAwMDAwMDAwMDB9fQ=="
        }
      ]
    },
    {
      "module": "module.jump_host",
      "mode": "managed",
      "type": "opentelekomcloud_vpc_eip_v1",
      "name": "jumphost_eip",
      "provider": "module.jump_host.provider[\"registry.terraform.io/opentelekomcloud/opentelekomcloud\"]",
      "instances": [
        {
          "schema_version": 0,
          "attributes": {
            "bandwidth": [
              {
                "charge_mode": "traffic",
                "name": "dynatrce_jh_eip_az01",
                "share_type": "PER",
                "size": 1
              }
            ],
            "id": "57b7fb2f-95fa-4cfe-976c-a05e5183b34c",
            "publicip": [
              {
                "ip_address": "80.158.47.48",
                "port_id": "4454f414-0a9d-41e7-833f-1080e9d6cd0c",
                "type": "5_bgp"
              }
            ],
            "region": "eu-de",
            "tags": {},
            "timeouts": null,
            "unbind_port": null,
            "value_specs": null
          },
          "sensitive_attributes": [],
          "private": "eyJlMmJmYjczMC1lY2FhLTExZTYtOGY4OC0zNDM2M2JjN2M0YzAiOnsiY3JlYXRlIjo2MDAwMDAwMDAwMDAsImRlbGV0ZSI6NjAwMDAwMDAwMDAwfX0="
        }
      ]
    },
    {
      "module": "module.vpc",
      "mode": "managed",
      "type": "opentelekomcloud_vpc_subnet_v1",
      "name": "private_subnet01",
      "provider": "module.vpc.provider[\"registry.terraform.io/opentelekomcloud/opentelekomcloud\"]",
      "instances": [
        {
          "schema_version": 0,
          "attributes": {
            "availability_zone": "eu-de-01",
            "cidr": "10.0.0.0/24",
            "description": "",
            "dhcp_enable": true,
            "dns_list": [
              "100.125.4.25",
              "100.125.129.199"
            ],
            "gateway_ip": "10.0.0.1",
            "id": "887a061e-ea08-4b5a-be11-3f3f3e0e769e",
            "name": "dynatrce_private_subnet_az01",
            "network_id": "887a061e-ea08-4b5a-be11-3f3f3e0e769e",
            "ntp_addresses": null,
            "primary_dns": "100.125.4.25",
            "region": "eu-de",
            "secondary_dns": "100.125.129.199",
            "status": "ACTIVE",
            "subnet_id": "1b39346d-8152-422b-bc39-ccb092ca86fc",
            "tags": {},
            "timeouts": null,
            "vpc_id": "787d22ac-c8a6-433b-aa58-ad0b88f8d320"
          },
          "sensitive_attributes": [],
          "private": "eyJlMmJmYjczMC1lY2FhLTExZTYtOGY4OC0zNDM2M2JjN2M0YzAiOnsiY3JlYXRlIjo2MDAwMDAwMDAwMDAsImRlbGV0ZSI6NjAwMDAwMDAwMDAwfX0=",
          "dependencies": [
            "module.vpc.opentelekomcloud_vpc_v1.vpc"
          ]
        }
      ]
    },
    {
      "module": "module.vpc",
      "mode": "managed",
      "type": "opentelekomcloud_vpc_subnet_v1",
      "name": "private_subnet02",
      "provider": "module.vpc.provider[\"registry.terraform.io/opentelekomcloud/opentelekomcloud\"]",
      "instances": [
        {
          "schema_version": 0,
          "attributes": {
            "availability_zone": "eu-de-02",
            "cidr": "10.0.1.0/24",
            "description": "",
            "dhcp_enable": true,
            "dns_list": [
              "100.125.4.25",
              "100.125.129.199"
            ],
            "gateway_ip": "10.0.1.1",
            "id": "a94be72e-3377-438c-b360-2dbc112b5bfd",
            "name": "dynatrce_private_subnet_az02",
            "network_id": "a94be72e-3377-438c-b360-2dbc112b5bfd",
            "ntp_addresses": null,
            "primary_dns": "100.125.4.25",
            "region": "eu-de",
            "secondary_dns": "100.125.129.199",
            "status": "ACTIVE",
            "subnet_id": "f09b0145-ea19-4f55-80e4-36917f0c1ffe",
            "tags": {},
            "timeouts": null,
            "vpc_id": "787d22ac-c8a6-433b-aa58-ad0b88f8d320"
          },
          "sensitive_attributes": [],
          "private": "eyJlMmJmYjczMC1lY2FhLTExZTYtOGY4OC0zNDM2M2JjN2M0YzAiOnsiY3JlYXRlIjo2MDAwMDAwMDAwMDAsImRlbGV0ZSI6NjAwMDAwMDAwMDAwfX0=",
          "dependencies": [
            "module.vpc.opentelekomcloud_vpc_v1.vpc"
          ]
        }
      ]
    },
    {
      "module": "module.vpc",
      "mode": "managed",
      "type": "opentelekomcloud_vpc_subnet_v1",
      "name": "private_subnet03",
      "provider": "module.vpc.provider[\"registry.terraform.io/opentelekomcloud/opentelekomcloud\"]",
      "instances": [
        {
          "schema_version": 0,
          "attributes": {
            "availability_zone": "eu-de-03",
            "cidr": "10.0.2.0/24",
            "description": "",
            "dhcp_enable": true,
            "dns_list": [
              "100.125.4.25",
              "100.125.129.199"
            ],
            "gateway_ip": "10.0.2.1",
            "id": "b48ccf42-cf55-43ac-92ec-ef652dc96ea1",
            "name": "dynatrce_private_subnet_az03",
            "network_id": "b48ccf42-cf55-43ac-92ec-ef652dc96ea1",
            "ntp_addresses": null,
            "primary_dns": "100.125.4.25",
            "region": "eu-de",
            "secondary_dns": "100.125.129.199",
            "status": "ACTIVE",
            "subnet_id": "35468291-2c45-4816-820b-656fa69edeb3",
            "tags": {},
            "timeouts": null,
            "vpc_id": "787d22ac-c8a6-433b-aa58-ad0b88f8d320"
          },
          "sensitive_attributes": [],
          "private": "eyJlMmJmYjczMC1lY2FhLTExZTYtOGY4OC0zNDM2M2JjN2M0YzAiOnsiY3JlYXRlIjo2MDAwMDAwMDAwMDAsImRlbGV0ZSI6NjAwMDAwMDAwMDAwfX0=",
          "dependencies": [
            "module.vpc.opentelekomcloud_vpc_v1.vpc"
          ]
        }
      ]
    },
    {
      "module": "module.vpc",
      "mode": "managed",
      "type": "opentelekomcloud_vpc_subnet_v1",
      "name": "public_subnet01",
      "provider": "module.vpc.provider[\"registry.terraform.io/opentelekomcloud/opentelekomcloud\"]",
      "instances": [
        {
          "schema_version": 0,
          "attributes": {
            "availability_zone": "eu-de-01",
            "cidr": "10.0.3.0/24",
            "description": "",
            "dhcp_enable": true,
            "dns_list": [
              "100.125.4.25",
              "100.125.129.199"
            ],
            "gateway_ip": "10.0.3.1",
            "id": "f5d18ead-c6aa-497b-a010-239389483d8e",
            "name": "dynatrce_public_subnet_az01",
            "network_id": "f5d18ead-c6aa-497b-a010-239389483d8e",
            "ntp_addresses": null,
            "primary_dns": "100.125.4.25",
            "region": "eu-de",
            "secondary_dns": "100.125.129.199",
            "status": "ACTIVE",
            "subnet_id": "a6c66b35-d547-478c-b4f8-3269ac04bfb3",
            "tags": {},
            "timeouts": null,
            "vpc_id": "787d22ac-c8a6-433b-aa58-ad0b88f8d320"
          },
          "sensitive_attributes": [],
          "private": "eyJlMmJmYjczMC1lY2FhLTExZTYtOGY4OC0zNDM2M2JjN2M0YzAiOnsiY3JlYXRlIjo2MDAwMDAwMDAwMDAsImRlbGV0ZSI6NjAwMDAwMDAwMDAwfX0=",
          "dependencies": [
            "module.vpc.opentelekomcloud_vpc_v1.vpc"
          ]
        }
      ]
    },
    {
      "module": "module.vpc",
      "mode": "managed",
      "type": "opentelekomcloud_vpc_subnet_v1",
      "name": "public_subnet02",
      "provider": "module.vpc.provider[\"registry.terraform.io/opentelekomcloud/opentelekomcloud\"]",
      "instances": [
        {
          "schema_version": 0,
          "attributes": {
            "availability_zone": "eu-de-02",
            "cidr": "10.0.4.0/24",
            "description": "",
            "dhcp_enable": true,
            "dns_list": [
              "100.125.4.25",
              "100.125.129.199"
            ],
            "gateway_ip": "10.0.4.1",
            "id": "1fc182e6-09a9-494a-bd2c-e6c59a9c0b18",
            "name": "dynatrce_public_subnet_az02",
            "network_id": "1fc182e6-09a9-494a-bd2c-e6c59a9c0b18",
            "ntp_addresses": null,
            "primary_dns": "100.125.4.25",
            "region": "eu-de",
            "secondary_dns": "100.125.129.199",
            "status": "ACTIVE",
            "subnet_id": "d1351c22-5397-4168-b4c1-6ca5fd088577",
            "tags": {},
            "timeouts": null,
            "vpc_id": "787d22ac-c8a6-433b-aa58-ad0b88f8d320"
          },
          "sensitive_attributes": [],
          "private": "eyJlMmJmYjczMC1lY2FhLTExZTYtOGY4OC0zNDM2M2JjN2M0YzAiOnsiY3JlYXRlIjo2MDAwMDAwMDAwMDAsImRlbGV0ZSI6NjAwMDAwMDAwMDAwfX0=",
          "dependencies": [
            "module.vpc.opentelekomcloud_vpc_v1.vpc"
          ]
        }
      ]
    },
    {
      "module": "module.vpc",
      "mode": "managed",
      "type": "opentelekomcloud_vpc_subnet_v1",
      "name": "public_subnet03",
      "provider": "module.vpc.provider[\"registry.terraform.io/opentelekomcloud/opentelekomcloud\"]",
      "instances": [
        {
          "schema_version": 0,
          "attributes": {
            "availability_zone": "eu-de-03",
            "cidr": "10.0.5.0/24",
            "description": "",
            "dhcp_enable": true,
            "dns_list": [
              "100.125.4.25",
              "100.125.129.199"
            ],
            "gateway_ip": "10.0.5.1",
            "id": "ff31e6b3-fdaf-420c-a58a-ffac4bf788c3",
            "name": "dynatrce_public_subnet_az03",
            "network_id": "ff31e6b3-fdaf-420c-a58a-ffac4bf788c3",
            "ntp_addresses": null,
            "primary_dns": "100.125.4.25",
            "region": "eu-de",
            "secondary_dns": "100.125.129.199",
            "status": "ACTIVE",
            "subnet_id": "b9105d15-7ba9-45e7-8869-c700ac501313",
            "tags": {},
            "timeouts": null,
            "vpc_id": "787d22ac-c8a6-433b-aa58-ad0b88f8d320"
          },
          "sensitive_attributes": [],
          "private": "eyJlMmJmYjczMC1lY2FhLTExZTYtOGY4OC0zNDM2M2JjN2M0YzAiOnsiY3JlYXRlIjo2MDAwMDAwMDAwMDAsImRlbGV0ZSI6NjAwMDAwMDAwMDAwfX0=",
          "dependencies": [
            "module.vpc.opentelekomcloud_vpc_v1.vpc"
          ]
        }
      ]
    },
    {
      "module": "module.vpc",
      "mode": "managed",
      "type": "opentelekomcloud_vpc_v1",
      "name": "vpc",
      "provider": "module.vpc.provider[\"registry.terraform.io/opentelekomcloud/opentelekomcloud\"]",
      "instances": [
        {
          "schema_version": 0,
          "attributes": {
            "cidr": "10.0.0.0/16",
            "description": "",
            "id": "787d22ac-c8a6-433b-aa58-ad0b88f8d320",
            "name": "dynatrce",
            "region": "eu-de",
            "shared": false,
            "status": "OK",
            "tags": {},
            "timeouts": null
          },
          "sensitive_attributes": [],
          "private": "eyJlMmJmYjczMC1lY2FhLTExZTYtOGY4OC0zNDM2M2JjN2M0YzAiOnsiY3JlYXRlIjo2MDAwMDAwMDAwMDAsImRlbGV0ZSI6MTgwMDAwMDAwMDAwfX0="
        }
      ]
    }
  ],
  "check_results": null
}
