{
  "version": 4,
  "terraform_version": "1.5.5",
  "serial": 12,
  "lineage": "1531c007-4fe4-5cbe-a24f-f865710cc88e",
  "outputs": {
    "backend_config": {
      "value": "    backend \"s3\" {\n      bucket = \"remote-tfstate-bucket-test\"\n      kms_key_id = \"arn:aws:kms:eu-de:f2d39257d09043e395a2fc020e193f65:key/c5849c33-ef40-4a62-b14d-2cd7d55e2da2\"\n      key = \"tfstate\"\n      region = \"eu-de\"\n      endpoint = \"obs.eu-de.otc.t-systems.com\"\n      encrypt = true\n      skip_region_validation = true\n      skip_credentials_validation = true\n    }\n",
      "type": "string"
    }
  },
  "resources": [
    {
      "mode": "managed",
      "type": "opentelekomcloud_kms_key_v1",
      "name": "tf_remote_state_bucket_kms_key",
      "provider": "provider[\"registry.terraform.io/opentelekomcloud/opentelekomcloud\"]",
      "instances": [
        {
          "schema_version": 0,
          "attributes": {
            "creation_date": "1695273251000",
            "default_key_flag": "0",
            "domain_id": "f2d39257d09043e395a2fc020e193f65",
            "expiration_time": "",
            "id": "c5849c33-ef40-4a62-b14d-2cd7d55e2da2",
            "is_enabled": true,
            "key_alias": "remote-tfstate-bucket-test-key-ce1794fd",
            "key_description": "remote-tfstate-bucket-test encryption key",
            "origin": "kms",
            "pending_days": "7",
            "realm": "eu-de",
            "scheduled_deletion_date": "",
            "tags": null
          },
          "sensitive_attributes": [],
          "private": "bnVsbA==",
          "dependencies": [
            "random_id.id"
          ]
        }
      ]
    },
    {
      "mode": "managed",
      "type": "opentelekomcloud_obs_bucket",
      "name": "tf_remote_state",
      "provider": "provider[\"registry.terraform.io/opentelekomcloud/opentelekomcloud\"]",
      "instances": [
        {
          "schema_version": 0,
          "attributes": {
            "acl": "private",
            "bucket": "remote-tfstate-bucket-test",
            "bucket_domain_name": "remote-tfstate-bucket-test.obs.eu-de.otc.t-systems.com",
            "cors_rule": [],
            "event_notifications": [],
            "force_destroy": false,
            "id": "remote-tfstate-bucket-test",
            "lifecycle_rule": [],
            "logging": [],
            "region": "eu-de",
            "server_side_encryption": [
              {
                "algorithm": "kms",
                "kms_key_id": "c5849c33-ef40-4a62-b14d-2cd7d55e2da2"
              }
            ],
            "storage_class": "STANDARD",
            "tags": null,
            "versioning": true,
            "website": []
          },
          "sensitive_attributes": [],
          "private": "bnVsbA==",
          "dependencies": [
            "opentelekomcloud_kms_key_v1.tf_remote_state_bucket_kms_key",
            "random_id.id"
          ]
        }
      ]
    },
    {
      "mode": "managed",
      "type": "random_id",
      "name": "id",
      "provider": "provider[\"registry.terraform.io/hashicorp/random\"]",
      "instances": [
        {
          "schema_version": 0,
          "attributes": {
            "b64_std": "zheU/Q==",
            "b64_url": "zheU_Q",
            "byte_length": 4,
            "dec": "3457651965",
            "hex": "ce1794fd",
            "id": "zheU_Q",
            "keepers": null,
            "prefix": null
          },
          "sensitive_attributes": []
        }
      ]
    }
  ],
  "check_results": null
}
